{
  "originHash" : "0c90c366404e200efeaefbb832e9ea0e7faea9e1f96c7c74f6e39e86d8f25618",
  "pins" : [
    {
      "identity" : "defaults",
      "kind" : "remoteSourceControl",
      "location" : "https://github.com/sindresorhus/Defaults",
      "state" : {
        "revision" : "ef1b2318fb549002bb533bec3a8ad98ae09f2cb6",
        "version" : "9.0.0"
      }
    },
    {
      "identity" : "dockprogress",
      "kind" : "remoteSourceControl",
      "location" : "https://github.com/sindresorhus/DockProgress",
      "state" : {
        "revision" : "d4f23b5a8f5ca0fac393eb7ba78c2fe3e32e52da",
        "version" : "4.3.1"
      }
    },
    {
      "identity" : "extendedattributes",
      "kind" : "remoteSourceControl",
      "location" : "https://github.com/sindresorhus/ExtendedAttributes",
      "state" : {
        "revision" : "9698866bf8880abccca0b70b059e7c19386cdefa",
        "version" : "1.0.0"
      }
    },
    {
      "identity" : "sentry-cocoa",
      "kind" : "remoteSourceControl",
      "location" : "https://github.com/getsentry/sentry-cocoa",
      "state" : {
        "revision" : "56bfb7e723c76614be4c0861ee820ccbaed14c6d",
        "version" : "8.41.0"
      }
    },
    {
      "identity" : "swift-syntax",
      "kind" : "remoteSourceControl",
      "location" : "https://github.com/swiftlang/swift-syntax",
      "state" : {
        "revision" : "0687f71944021d616d34d922343dcef086855920",
        "version" : "600.0.1"
      }
    }
  ],
  "version" : 3
}
