{
  "originHash" : "0c90c366404e200efeaefbb832e9ea0e7faea9e1f96c7c74f6e39e86d8f25618",
  "pins" : [
    {
      "identity" : "defaults",
      "kind" : "remoteSourceControl",
      "location" : "https://github.com/sindresorhus/Defaults",
      "state" : {
        "revision" : "00c82eff4550c87cf9c547d7e5493a6a97837061",
        "version" : "9.0.3"
      }
    },
    {
      "identity" : "dockprogress",
      "kind" : "remoteSourceControl",
      "location" : "https://github.com/sindresorhus/DockProgress",
      "state" : {
        "revision" : "d4f23b5a8f5ca0fac393eb7ba78c2fe3e32e52da",
        "version" : "4.3.1"
      }
    },
    {
      "identity" : "extendedattributes",
      "kind" : "remoteSourceControl",
      "location" : "https://github.com/sindresorhus/ExtendedAttributes",
      "state" : {
        "revision" : "9698866bf8880abccca0b70b059e7c19386cdefa",
        "version" : "1.0.0"
      }
    },
    {
      "identity" : "sentry-cocoa",
      "kind" : "remoteSourceControl",
      "location" : "https://github.com/getsentry/sentry-cocoa",
      "state" : {
        "revision" : "56fb914f14922efeda6c744c0125696552b6d2b5",
        "version" : "8.53.1"
      }
    },
    {
      "identity" : "swift-syntax",
      "kind" : "remoteSourceControl",
      "location" : "https://github.com/swiftlang/swift-syntax",
      "state" : {
        "revision" : "f99ae8aa18f0cf0d53481901f88a0991dc3bd4a2",
        "version" : "601.0.1"
      }
    }
  ],
  "version" : 3
}
