// !$*UTF8*$!
{
	archiveVersion = 1;
	classes = {
	};
	objectVersion = 53;
	objects = {

/* Begin PBXBuildFile section */
		CA00E74C7D4159EA34BF617B /* Cargo.toml in Sources */ = {isa = PBXBuildFile; fileRef = CAF9AE29BDC33EF4668187A5 /* Cargo.toml */; settings = {COMPILER_FLAGS = "--lib"; }; };
/* End PBXBuildFile section */

/* Begin PBXBuildRule section */
		CAF4AE29BDC3AC6C1400ACA8 /* PBXBuildRule */ = {
			isa = PBXBuildRule;
			compilerSpec = com.apple.compilers.proxy.script;
			dependencyFile = "$(DERIVED_FILE_DIR)/$(ARCHS)-$(EXECUTABLE_NAME).d";
			filePatterns = "*/Cargo.toml";
			fileType = pattern.proxy;
			inputFiles = (
			);
			isEditable = 0;
			name = "Cargo project build";
			outputFiles = (
				"$(TARGET_BUILD_DIR)/$(EXECUTABLE_NAME)",
			);
			runOncePerArchitecture = 0;
			script = "# generated with cargo-xcode 1.9.0\nset -xeu;\nexport PATH=\"$HOME/.cargo/bin:$PATH:/usr/local/bin:/opt/homebrew/bin\";\n# don't use ios/watchos linker for build scripts and proc macros\nexport CARGO_TARGET_AARCH64_APPLE_DARWIN_LINKER=/usr/bin/ld\nexport CARGO_TARGET_X86_64_APPLE_DARWIN_LINKER=/usr/bin/ld\n\ncase \"$PLATFORM_NAME\" in\n \"macosx\")\n  CARGO_XCODE_TARGET_OS=darwin\n  if [ \"${IS_MACCATALYST-NO}\" = YES ]; then\n   CARGO_XCODE_TARGET_OS=ios-macabi\n  fi\n  ;;\n \"iphoneos\") CARGO_XCODE_TARGET_OS=ios ;;\n \"iphonesimulator\") CARGO_XCODE_TARGET_OS=ios-sim ;;\n \"appletvos\" | \"appletvsimulator\") CARGO_XCODE_TARGET_OS=tvos ;;\n \"watchos\") CARGO_XCODE_TARGET_OS=watchos ;;\n \"watchsimulator\") CARGO_XCODE_TARGET_OS=watchos-sim ;;\n *)\n  CARGO_XCODE_TARGET_OS=\"$PLATFORM_NAME\"\n  echo >&2 \"warning: cargo-xcode needs to be updated to handle $PLATFORM_NAME\"\n  ;;\nesac\n\nCARGO_XCODE_TARGET_TRIPLES=\"\"\nCARGO_XCODE_TARGET_FLAGS=\"\"\nLIPO_ARGS=\"\"\nfor arch in $ARCHS; do\n if [[ \"$arch\" == \"arm64\" ]]; then arch=aarch64; fi\n if [[ \"$arch\" == \"i386\" && \"$CARGO_XCODE_TARGET_OS\" != \"ios\" ]]; then arch=i686; fi\n triple=\"${arch}-apple-$CARGO_XCODE_TARGET_OS\"\n CARGO_XCODE_TARGET_TRIPLES=\"$CARGO_XCODE_TARGET_TRIPLES $triple\"\n CARGO_XCODE_TARGET_FLAGS=\"$CARGO_XCODE_TARGET_FLAGS --target=$triple\"\n LIPO_ARGS=\"${LIPO_ARGS}$CARGO_TARGET_DIR/$triple/$CARGO_XCODE_BUILD_PROFILE/$CARGO_XCODE_CARGO_FILE_NAME\n\"\ndone\n\nif command -v rustup &> /dev/null; then\n for triple in $CARGO_XCODE_TARGET_TRIPLES; do\n  if ! rustup target list --installed | grep -Eq \"^$triple$\"; then\n   echo >&2 \"warning: this build requires rustup toolchain for $triple, but it isn't installed (will try rustup next)\"\n   rustup target add \"$triple\" || {\n    echo >&2 \"warning: can't install $triple, will try nightly -Zbuild-std\";\n    OTHER_INPUT_FILE_FLAGS=\"$OTHER_INPUT_FILE_FLAGS -Zbuild-std\";\n    if [ -z \"${RUSTUP_TOOLCHAIN:-}\" ]; then\n     export RUSTUP_TOOLCHAIN=nightly\n    fi\n    break;\n   }\n  fi\n done\nfi\n\nif [ \"$CARGO_XCODE_BUILD_PROFILE\" = release ]; then\n OTHER_INPUT_FILE_FLAGS=\"$OTHER_INPUT_FILE_FLAGS --release\"\nfi\n\nif [ \"$ACTION\" = clean ]; then\n cargo clean --verbose --manifest-path=\"$SCRIPT_INPUT_FILE\" $CARGO_XCODE_TARGET_FLAGS $OTHER_INPUT_FILE_FLAGS;\n rm -f \"$SCRIPT_OUTPUT_FILE_0\"\n exit 0\nfi\ncargo build --verbose --manifest-path=\"$SCRIPT_INPUT_FILE\" --features=\"${CARGO_XCODE_FEATURES:-}\" $CARGO_XCODE_TARGET_FLAGS $OTHER_INPUT_FILE_FLAGS || { echo >&2 \"error: cargo build failed\"; exit 1; }\n\ntr '\\n' '\\0' <<<\"$LIPO_ARGS\" | xargs -0 lipo -create -output \"$SCRIPT_OUTPUT_FILE_0\"\n\nif [ ${LD_DYLIB_INSTALL_NAME:+1} ]; then\n install_name_tool -id \"$LD_DYLIB_INSTALL_NAME\" \"$SCRIPT_OUTPUT_FILE_0\"\nfi\n\nDEP_FILE_DST=\"$DERIVED_FILE_DIR/${ARCHS}-${EXECUTABLE_NAME}.d\"\necho \"\" > \"$DEP_FILE_DST\"\nfor triple in $CARGO_XCODE_TARGET_TRIPLES; do\n BUILT_SRC=\"$CARGO_TARGET_DIR/$triple/$CARGO_XCODE_BUILD_PROFILE/$CARGO_XCODE_CARGO_FILE_NAME\"\n\n # cargo generates a dep file, but for its own path, so append our rename to it\n DEP_FILE_SRC=\"$CARGO_TARGET_DIR/$triple/$CARGO_XCODE_BUILD_PROFILE/$CARGO_XCODE_CARGO_DEP_FILE_NAME\"\n if [ -f \"$DEP_FILE_SRC\" ]; then\n  cat \"$DEP_FILE_SRC\" >> \"$DEP_FILE_DST\"\n fi\n echo >> \"$DEP_FILE_DST\" \"${SCRIPT_OUTPUT_FILE_0/ /\\\\ /}: ${BUILT_SRC/ /\\\\ /}\"\ndone\ncat \"$DEP_FILE_DST\"\n\necho \"success: $ACTION of $SCRIPT_OUTPUT_FILE_0 for $CARGO_XCODE_TARGET_TRIPLES\"\n";
		};
/* End PBXBuildRule section */

/* Begin PBXFileReference section */
		CA007E4815895A689885C260 /* libgifski_static.a */ = {isa = PBXFileReference; explicitFileType = archive.ar; includeInIndex = 0; path = libgifski_static.a; sourceTree = BUILT_PRODUCTS_DIR; };
		CAF9AE29BDC33EF4668187A5 /* Cargo.toml */ = {isa = PBXFileReference; fileEncoding = 4; lastKnownFileType = text; path = Cargo.toml; sourceTree = "<group>"; };
		CAFDD702CA57E48B69BA874E /* Config.xcconfig */ = {isa = PBXFileReference; lastKnownFileType = text; name = Config.xcconfig; path = ../Config.xcconfig; sourceTree = "<group>"; };
/* End PBXFileReference section */

/* Begin PBXGroup section */
		CAF0AE29BDC3D65BC3C892A8 = {
			isa = PBXGroup;
			children = (
				CAF9AE29BDC33EF4668187A5 /* Cargo.toml */,
				CAF1AE29BDC322869D176AE5 /* Products */,
				CAF2AE29BDC398AF0B5890DB /* Frameworks */,
				CAFDD702CA57E48B69BA874E /* Config.xcconfig */,
			);
			sourceTree = "<group>";
		};
		CAF1AE29BDC322869D176AE5 /* Products */ = {
			isa = PBXGroup;
			children = (
				CA007E4815895A689885C260 /* libgifski_static.a */,
			);
			name = Products;
			sourceTree = "<group>";
		};
		CAF2AE29BDC398AF0B5890DB /* Frameworks */ = {
			isa = PBXGroup;
			children = (
			);
			name = Frameworks;
			sourceTree = "<group>";
		};
/* End PBXGroup section */

/* Begin PBXNativeTarget section */
		CA007E48158959EA34BF617B /* gifski-staticlib */ = {
			isa = PBXNativeTarget;
			buildConfigurationList = CA007084E6B259EA34BF617B /* Build configuration list for PBXNativeTarget "gifski-staticlib" */;
			buildPhases = (
				CA00A0D466D559EA34BF617B /* Sources */,
			);
			buildRules = (
				CAF4AE29BDC3AC6C1400ACA8 /* PBXBuildRule */,
			);
			dependencies = (
			);
			name = "gifski-staticlib";
			productName = libgifski_static.a;
			productReference = CA007E4815895A689885C260 /* libgifski_static.a */;
			productType = "com.apple.product-type.library.static";
		};
/* End PBXNativeTarget section */

/* Begin PBXProject section */
		CAF3AE29BDC3E04653AD465F /* Project object */ = {
			isa = PBXProject;
			attributes = {
				BuildIndependentTargetsInParallel = YES;
				LastUpgradeCheck = 1530;
				TargetAttributes = {
					CA007E48158959EA34BF617B = {
						CreatedOnToolsVersion = 9.2;
						ProvisioningStyle = Automatic;
					};
				};
			};
			buildConfigurationList = CAF6AE29BDC380E02D6C7F57 /* Build configuration list for PBXProject "gifski" */;
			compatibilityVersion = "Xcode 11.4";
			developmentRegion = en;
			hasScannedForEncodings = 0;
			knownRegions = (
				en,
				Base,
			);
			mainGroup = CAF0AE29BDC3D65BC3C892A8;
			productRefGroup = CAF1AE29BDC322869D176AE5 /* Products */;
			projectDirPath = "";
			projectRoot = "";
			targets = (
				CA007E48158959EA34BF617B /* gifski-staticlib */,
			);
		};
/* End PBXProject section */

/* Begin PBXSourcesBuildPhase section */
		CA00A0D466D559EA34BF617B /* Sources */ = {
			isa = PBXSourcesBuildPhase;
			buildActionMask = 2147483647;
			files = (
				CA00E74C7D4159EA34BF617B /* Cargo.toml in Sources */,
			);
			runOnlyForDeploymentPostprocessing = 0;
		};
/* End PBXSourcesBuildPhase section */

/* Begin XCBuildConfiguration section */
		CA008F2BE1C459EA34BF617B /* Debug */ = {
			isa = XCBuildConfiguration;
			buildSettings = {
				CARGO_XCODE_CARGO_DEP_FILE_NAME = libgifski.d;
				CARGO_XCODE_CARGO_FILE_NAME = libgifski.a;
				CLANG_ENABLE_OBJC_WEAK = YES;
				DEAD_CODE_STRIPPING = YES;
				PRODUCT_NAME = gifski_static;
			};
			name = Debug;
		};
		CA009A4E111D59EA34BF617B /* Release */ = {
			isa = XCBuildConfiguration;
			buildSettings = {
				CARGO_XCODE_CARGO_DEP_FILE_NAME = libgifski.d;
				CARGO_XCODE_CARGO_FILE_NAME = libgifski.a;
				CLANG_ENABLE_OBJC_WEAK = YES;
				DEAD_CODE_STRIPPING = YES;
				PRODUCT_NAME = gifski_static;
			};
			name = Release;
		};
		CAF7D702CA573CC16B37690B /* Release */ = {
			isa = XCBuildConfiguration;
			baseConfigurationReference = CAFDD702CA57E48B69BA874E /* Config.xcconfig */;
			buildSettings = {
				ALWAYS_SEARCH_USER_PATHS = NO;
				CARGO_TARGET_DIR = "$(PROJECT_TEMP_DIR)/cargo_target";
				CARGO_XCODE_BUILD_PROFILE = release;
				CARGO_XCODE_FEATURES = "";
				CLANG_WARN_BLOCK_CAPTURE_AUTORELEASING = YES;
				CLANG_WARN_BOOL_CONVERSION = YES;
				CLANG_WARN_COMMA = YES;
				CLANG_WARN_CONSTANT_CONVERSION = YES;
				CLANG_WARN_DEPRECATED_OBJC_IMPLEMENTATIONS = YES;
				CLANG_WARN_EMPTY_BODY = YES;
				CLANG_WARN_ENUM_CONVERSION = YES;
				CLANG_WARN_INFINITE_RECURSION = YES;
				CLANG_WARN_INT_CONVERSION = YES;
				CLANG_WARN_NON_LITERAL_NULL_CONVERSION = YES;
				CLANG_WARN_OBJC_IMPLICIT_RETAIN_SELF = YES;
				CLANG_WARN_OBJC_LITERAL_CONVERSION = YES;
				CLANG_WARN_QUOTED_INCLUDE_IN_FRAMEWORK_HEADER = YES;
				CLANG_WARN_RANGE_LOOP_ANALYSIS = YES;
				CLANG_WARN_STRICT_PROTOTYPES = YES;
				CLANG_WARN_SUSPICIOUS_MOVE = YES;
				CLANG_WARN_UNREACHABLE_CODE = YES;
				CLANG_WARN__DUPLICATE_METHOD_MATCH = YES;
				CURRENT_PROJECT_VERSION = 1.14;
				DEAD_CODE_STRIPPING = YES;
				ENABLE_STRICT_OBJC_MSGSEND = YES;
				ENABLE_USER_SCRIPT_SANDBOXING = NO;
				GCC_NO_COMMON_BLOCKS = YES;
				GCC_WARN_64_TO_32_BIT_CONVERSION = YES;
				GCC_WARN_ABOUT_RETURN_TYPE = YES;
				GCC_WARN_UNDECLARED_SELECTOR = YES;
				GCC_WARN_UNINITIALIZED_AUTOS = YES;
				GCC_WARN_UNUSED_FUNCTION = YES;
				GCC_WARN_UNUSED_VARIABLE = YES;
				MACOSX_DEPLOYMENT_TARGET = 14.4;
				MARKETING_VERSION = 1.14.4;
				PRODUCT_NAME = gifski;
				RUSTUP_TOOLCHAIN = "";
				SDKROOT = macosx;
				SKIP_INSTALL = YES;
				SUPPORTS_MACCATALYST = YES;
			};
			name = Release;
		};
		CAF8D702CA57228BE02872F8 /* Debug */ = {
			isa = XCBuildConfiguration;
			baseConfigurationReference = CAFDD702CA57E48B69BA874E /* Config.xcconfig */;
			buildSettings = {
				ALWAYS_SEARCH_USER_PATHS = NO;
				CARGO_TARGET_DIR = "$(PROJECT_TEMP_DIR)/cargo_target";
				CARGO_XCODE_BUILD_PROFILE = debug;
				CARGO_XCODE_FEATURES = "";
				CLANG_WARN_BLOCK_CAPTURE_AUTORELEASING = YES;
				CLANG_WARN_BOOL_CONVERSION = YES;
				CLANG_WARN_COMMA = YES;
				CLANG_WARN_CONSTANT_CONVERSION = YES;
				CLANG_WARN_DEPRECATED_OBJC_IMPLEMENTATIONS = YES;
				CLANG_WARN_EMPTY_BODY = YES;
				CLANG_WARN_ENUM_CONVERSION = YES;
				CLANG_WARN_INFINITE_RECURSION = YES;
				CLANG_WARN_INT_CONVERSION = YES;
				CLANG_WARN_NON_LITERAL_NULL_CONVERSION = YES;
				CLANG_WARN_OBJC_IMPLICIT_RETAIN_SELF = YES;
				CLANG_WARN_OBJC_LITERAL_CONVERSION = YES;
				CLANG_WARN_QUOTED_INCLUDE_IN_FRAMEWORK_HEADER = YES;
				CLANG_WARN_RANGE_LOOP_ANALYSIS = YES;
				CLANG_WARN_STRICT_PROTOTYPES = YES;
				CLANG_WARN_SUSPICIOUS_MOVE = YES;
				CLANG_WARN_UNREACHABLE_CODE = YES;
				CLANG_WARN__DUPLICATE_METHOD_MATCH = YES;
				CURRENT_PROJECT_VERSION = 1.14;
				DEAD_CODE_STRIPPING = YES;
				ENABLE_STRICT_OBJC_MSGSEND = YES;
				ENABLE_TESTABILITY = YES;
				ENABLE_USER_SCRIPT_SANDBOXING = NO;
				GCC_NO_COMMON_BLOCKS = YES;
				GCC_WARN_64_TO_32_BIT_CONVERSION = YES;
				GCC_WARN_ABOUT_RETURN_TYPE = YES;
				GCC_WARN_UNDECLARED_SELECTOR = YES;
				GCC_WARN_UNINITIALIZED_AUTOS = YES;
				GCC_WARN_UNUSED_FUNCTION = YES;
				GCC_WARN_UNUSED_VARIABLE = YES;
				MACOSX_DEPLOYMENT_TARGET = 14.4;
				MARKETING_VERSION = 1.14.4;
				ONLY_ACTIVE_ARCH = YES;
				PRODUCT_NAME = gifski;
				RUSTUP_TOOLCHAIN = "";
				SDKROOT = macosx;
				SKIP_INSTALL = YES;
				SUPPORTS_MACCATALYST = YES;
			};
			name = Debug;
		};
/* End XCBuildConfiguration section */

/* Begin XCConfigurationList section */
		CA007084E6B259EA34BF617B /* Build configuration list for PBXNativeTarget "gifski-staticlib" */ = {
			isa = XCConfigurationList;
			buildConfigurations = (
				CA009A4E111D59EA34BF617B /* Release */,
				CA008F2BE1C459EA34BF617B /* Debug */,
			);
			defaultConfigurationIsVisible = 0;
			defaultConfigurationName = Release;
		};
		CAF6AE29BDC380E02D6C7F57 /* Build configuration list for PBXProject "gifski" */ = {
			isa = XCConfigurationList;
			buildConfigurations = (
				CAF7D702CA573CC16B37690B /* Release */,
				CAF8D702CA57228BE02872F8 /* Debug */,
			);
			defaultConfigurationIsVisible = 0;
			defaultConfigurationName = Release;
		};
/* End XCConfigurationList section */
	};
	rootObject = CAF3AE29BDC3E04653AD465F /* Project object */;
}
