# This file is automatically @generated by Cargo.
# It is not intended for manual editing.
[[package]]
name = "aho-corasick"
version = "0.6.10"
source = "registry+https://github.com/rust-lang/crates.io-index"
checksum = "81ce3d38065e618af2d7b77e10c5ad9a069859b4be3c2250f674af3840d9c8a5"
dependencies = [
 "memchr 2.3.3",
]

[[package]]
name = "ansi_term"
version = "0.11.0"
source = "registry+https://github.com/rust-lang/crates.io-index"
checksum = "ee49baf6cb617b853aa8d93bf420db2383fab46d314482ca2803b40d5fde979b"
dependencies = [
 "winapi 0.3.8",
]

[[package]]
name = "atty"
version = "0.2.14"
source = "registry+https://github.com/rust-lang/crates.io-index"
checksum = "d9b39be18770d11421cdb1b9947a45dd3f37e93092cbf377614828a319d5fee8"
dependencies = [
 "hermit-abi",
 "libc",
 "winapi 0.3.8",
]

[[package]]
name = "bindgen"
version = "0.32.3"
source = "registry+https://github.com/rust-lang/crates.io-index"
checksum = "8b242e11a8f446f5fc7b76b37e81d737cabca562a927bd33766dac55b5f1177f"
dependencies = [
 "cexpr",
 "cfg-if",
 "clang-sys",
 "clap",
 "env_logger",
 "lazy_static",
 "log 0.3.9",
 "peeking_take_while",
 "proc-macro2",
 "quote",
 "regex",
 "which",
]

[[package]]
name = "bitflags"
version = "0.9.1"
source = "registry+https://github.com/rust-lang/crates.io-index"
checksum = "4efd02e230a02e18f92fc2735f44597385ed02ad8f831e7c1c1156ee5e1ab3a5"

[[package]]
name = "bitflags"
version = "1.2.1"
source = "registry+https://github.com/rust-lang/crates.io-index"
checksum = "cf1de2fe8c75bc145a2f577add951f8134889b4795d47466a54a5c846d691693"

[[package]]
name = "cc"
version = "1.0.50"
source = "registry+https://github.com/rust-lang/crates.io-index"
checksum = "95e28fa049fda1c330bcf9d723be7663a899c4679724b34c81e9f5a326aab8cd"

[[package]]
name = "cexpr"
version = "0.2.3"
source = "registry+https://github.com/rust-lang/crates.io-index"
checksum = "42aac45e9567d97474a834efdee3081b3c942b2205be932092f53354ce503d6c"
dependencies = [
 "nom",
]

[[package]]
name = "cfg-if"
version = "0.1.10"
source = "registry+https://github.com/rust-lang/crates.io-index"
checksum = "4785bdd1c96b2a846b2bd7cc02e86b6b3dbf14e7e53446c4f54c92a361040822"

[[package]]
name = "clang-sys"
version = "0.21.2"
source = "registry+https://github.com/rust-lang/crates.io-index"
checksum = "e414af9726e1d11660801e73ccc7fb81803fb5f49e5903a25b348b2b3b480d2e"
dependencies = [
 "glob 0.2.11",
 "libc",
 "libloading",
]

[[package]]
name = "clap"
version = "2.33.0"
source = "registry+https://github.com/rust-lang/crates.io-index"
checksum = "5067f5bb2d80ef5d68b4c87db81601f0b75bca627bc2ef76b141d7b846a3c6d9"
dependencies = [
 "ansi_term",
 "atty",
 "bitflags 1.2.1",
 "strsim",
 "textwrap",
 "unicode-width",
 "vec_map",
]

[[package]]
name = "color_quant"
version = "1.0.1"
source = "registry+https://github.com/rust-lang/crates.io-index"
checksum = "0dbbb57365263e881e805dc77d94697c9118fd94d8da011240555aa7b23445bd"

[[package]]
name = "env_logger"
version = "0.4.3"
source = "registry+https://github.com/rust-lang/crates.io-index"
checksum = "3ddf21e73e016298f5cb37d6ef8e8da8e39f91f9ec8b0df44b7deb16a9f8cd5b"
dependencies = [
 "log 0.3.9",
 "regex",
]

[[package]]
name = "ffmpeg"
version = "0.2.0-alpha.2"
source = "git+https://github.com/kornelski/rust-ffmpeg.git?rev=c84a77639ae4d60f22cad800cd503d2d6ae05fbe#c84a77639ae4d60f22cad800cd503d2d6ae05fbe"
dependencies = [
 "bitflags 0.9.1",
 "ffmpeg-sys",
 "libc",
]

[[package]]
name = "ffmpeg-sys"
version = "3.4.1"
source = "registry+https://github.com/rust-lang/crates.io-index"
checksum = "abbd18102427db5a9d4d1eb6d0a78a7f318515c64461e75e30f46b2aa72bf9dd"
dependencies = [
 "bindgen",
 "cc",
 "libc",
 "num_cpus",
 "pkg-config",
 "regex",
]

[[package]]
name = "gif"
version = "0.10.3"
source = "registry+https://github.com/rust-lang/crates.io-index"
checksum = "471d90201b3b223f3451cd4ad53e34295f16a1df17b1edf3736d47761c3981af"
dependencies = [
 "color_quant",
 "lzw",
]

[[package]]
name = "gif-dispose"
version = "2.3.0"
source = "registry+https://github.com/rust-lang/crates.io-index"
checksum = "38033ac2df5a062d5a6542f664cea8c4fe1c2b80b6fb85d44f952d6d70962d13"
dependencies = [
 "gif",
 "imgref",
 "rgb",
]

[[package]]
name = "gifsicle"
version = "1.92.0"
source = "registry+https://github.com/rust-lang/crates.io-index"
checksum = "430b8c1b679b0814dfe7e2912e4f3766f00f5e95d1b3570d3a1c6e08c2395ec4"
dependencies = [
 "cc",
 "libc",
]

[[package]]
name = "gifski"
version = "1.0.0"
dependencies = [
 "clap",
 "ffmpeg",
 "gif",
 "gif-dispose",
 "gifsicle",
 "imagequant",
 "imgref",
 "lodepng",
 "natord",
 "pbr",
 "quick-error",
 "resize",
 "rgb",
 "wild",
]

[[package]]
name = "glob"
version = "0.2.11"
source = "registry+https://github.com/rust-lang/crates.io-index"
checksum = "8be18de09a56b60ed0edf84bc9df007e30040691af7acd1c41874faac5895bfb"

[[package]]
name = "glob"
version = "0.3.0"
source = "registry+https://github.com/rust-lang/crates.io-index"
checksum = "9b919933a397b79c37e33b77bb2aa3dc8eb6e165ad809e58ff75bc7db2e34574"

[[package]]
name = "hermit-abi"
version = "0.1.10"
source = "registry+https://github.com/rust-lang/crates.io-index"
checksum = "725cf19794cf90aa94e65050cb4191ff5d8fa87a498383774c47b332e3af952e"
dependencies = [
 "libc",
]

[[package]]
name = "imagequant"
version = "2.12.5"
source = "registry+https://github.com/rust-lang/crates.io-index"
checksum = "ed204263cc50c834608cc09afae352fbc7f408dd2eaac484914870f686c56a28"
dependencies = [
 "imagequant-sys",
 "libc",
]

[[package]]
name = "imagequant-sys"
version = "2.12.5"
source = "registry+https://github.com/rust-lang/crates.io-index"
checksum = "bfdae38117d89989b2c2352cec3d7dca12a207b48b4e20e183b7d0d6b1fd390c"
dependencies = [
 "cc",
 "openmp-sys",
 "rgb",
]

[[package]]
name = "imgref"
version = "1.4.1"
source = "registry+https://github.com/rust-lang/crates.io-index"
checksum = "5aa18eb070bbea81d409ddebd55e2bcb8c2931ade125bad36d4fe8da115ca82b"

[[package]]
name = "kernel32-sys"
version = "0.2.2"
source = "registry+https://github.com/rust-lang/crates.io-index"
checksum = "7507624b29483431c0ba2d82aece8ca6cdba9382bff4ddd0f7490560c056098d"
dependencies = [
 "winapi 0.2.8",
 "winapi-build",
]

[[package]]
name = "lazy_static"
version = "1.4.0"
source = "registry+https://github.com/rust-lang/crates.io-index"
checksum = "e2abad23fbc42b3700f2f279844dc832adb2b2eb069b2df918f455c4e18cc646"

[[package]]
name = "libc"
version = "0.2.68"
source = "registry+https://github.com/rust-lang/crates.io-index"
checksum = "dea0c0405123bba743ee3f91f49b1c7cfb684eef0da0a50110f758ccf24cdff0"

[[package]]
name = "libloading"
version = "0.4.3"
source = "registry+https://github.com/rust-lang/crates.io-index"
checksum = "fd38073de8f7965d0c17d30546d4bb6da311ab428d1c7a3fc71dff7f9d4979b9"
dependencies = [
 "kernel32-sys",
 "lazy_static",
 "winapi 0.2.8",
]

[[package]]
name = "lodepng"
version = "2.5.0"
source = "registry+https://github.com/rust-lang/crates.io-index"
checksum = "40ed9859b15e009b494528f32ad054c5baf67afabf3c05d27973ea151563d430"
dependencies = [
 "libc",
 "rgb",
]

[[package]]
name = "log"
version = "0.3.9"
source = "registry+https://github.com/rust-lang/crates.io-index"
checksum = "e19e8d5c34a3e0e2223db8e060f9e8264aeeb5c5fc64a4ee9965c062211c024b"
dependencies = [
 "log 0.4.8",
]

[[package]]
name = "log"
version = "0.4.8"
source = "registry+https://github.com/rust-lang/crates.io-index"
checksum = "14b6052be84e6b71ab17edffc2eeabf5c2c3ae1fdb464aae35ac50c67a44e1f7"
dependencies = [
 "cfg-if",
]

[[package]]
name = "lzw"
version = "0.10.0"
source = "registry+https://github.com/rust-lang/crates.io-index"
checksum = "7d947cbb889ed21c2a84be6ffbaebf5b4e0f4340638cba0444907e38b56be084"

[[package]]
name = "memchr"
version = "1.0.2"
source = "registry+https://github.com/rust-lang/crates.io-index"
checksum = "148fab2e51b4f1cfc66da2a7c32981d1d3c083a803978268bb11fe4b86925e7a"
dependencies = [
 "libc",
]

[[package]]
name = "memchr"
version = "2.3.3"
source = "registry+https://github.com/rust-lang/crates.io-index"
checksum = "3728d817d99e5ac407411fa471ff9800a778d88a24685968b36824eaf4bee400"

[[package]]
name = "natord"
version = "1.0.9"
source = "registry+https://github.com/rust-lang/crates.io-index"
checksum = "308d96db8debc727c3fd9744aac51751243420e46edf401010908da7f8d5e57c"

[[package]]
name = "nom"
version = "3.2.1"
source = "registry+https://github.com/rust-lang/crates.io-index"
checksum = "05aec50c70fd288702bcd93284a8444607f3292dbdf2a30de5ea5dcdbe72287b"
dependencies = [
 "memchr 1.0.2",
]

[[package]]
name = "num_cpus"
version = "1.12.0"
source = "registry+https://github.com/rust-lang/crates.io-index"
checksum = "46203554f085ff89c235cd12f7075f3233af9b11ed7c9e16dfe2560d03313ce6"
dependencies = [
 "hermit-abi",
 "libc",
]

[[package]]
name = "numtoa"
version = "0.1.0"
source = "registry+https://github.com/rust-lang/crates.io-index"
checksum = "b8f8bdf33df195859076e54ab11ee78a1b208382d3a26ec40d142ffc1ecc49ef"

[[package]]
name = "openmp-sys"
version = "0.1.7"
source = "registry+https://github.com/rust-lang/crates.io-index"
checksum = "6d6ba0f6d9bcda83ebd8c1648715fb91f6ecd9303f240d55c2041c48222a9a13"
dependencies = [
 "cc",
]

[[package]]
name = "pbr"
version = "1.0.2"
source = "registry+https://github.com/rust-lang/crates.io-index"
checksum = "4403eb718d70c03ee279e51737782902c68cca01e870a33b6a2f9dfb50b9cd83"
dependencies = [
 "libc",
 "termion",
 "time",
 "winapi 0.3.8",
]

[[package]]
name = "peeking_take_while"
version = "0.1.2"
source = "registry+https://github.com/rust-lang/crates.io-index"
checksum = "19b17cddbe7ec3f8bc800887bab5e717348c95ea2ca0b1bf0837fb964dc67099"

[[package]]
name = "pkg-config"
version = "0.3.17"
source = "registry+https://github.com/rust-lang/crates.io-index"
checksum = "05da548ad6865900e60eaba7f589cc0783590a92e940c26953ff81ddbab2d677"

[[package]]
name = "proc-macro2"
version = "0.2.3"
source = "registry+https://github.com/rust-lang/crates.io-index"
checksum = "cd07deb3c6d1d9ff827999c7f9b04cdfd66b1b17ae508e14fe47b620f2282ae0"
dependencies = [
 "unicode-xid",
]

[[package]]
name = "quick-error"
version = "1.2.3"
source = "registry+https://github.com/rust-lang/crates.io-index"
checksum = "a1d01941d82fa2ab50be1e79e6714289dd7cde78eba4c074bc5a4374f650dfe0"

[[package]]
name = "quote"
version = "0.4.2"
source = "registry+https://github.com/rust-lang/crates.io-index"
checksum = "1eca14c727ad12702eb4b6bfb5a232287dcf8385cb8ca83a3eeaf6519c44c408"
dependencies = [
 "proc-macro2",
]

[[package]]
name = "redox_syscall"
version = "0.1.56"
source = "registry+https://github.com/rust-lang/crates.io-index"
checksum = "2439c63f3f6139d1b57529d16bc3b8bb855230c8efcc5d3a896c8bea7c3b1e84"

[[package]]
name = "redox_termios"
version = "0.1.1"
source = "registry+https://github.com/rust-lang/crates.io-index"
checksum = "7e891cfe48e9100a70a3b6eb652fef28920c117d366339687bd5576160db0f76"
dependencies = [
 "redox_syscall",
]

[[package]]
name = "regex"
version = "0.2.11"
source = "registry+https://github.com/rust-lang/crates.io-index"
checksum = "9329abc99e39129fcceabd24cf5d85b4671ef7c29c50e972bc5afe32438ec384"
dependencies = [
 "aho-corasick",
 "memchr 2.3.3",
 "regex-syntax",
 "thread_local",
 "utf8-ranges",
]

[[package]]
name = "regex-syntax"
version = "0.5.6"
source = "registry+https://github.com/rust-lang/crates.io-index"
checksum = "7d707a4fa2637f2dca2ef9fd02225ec7661fe01a53623c1e6515b6916511f7a7"
dependencies = [
 "ucd-util",
]

[[package]]
name = "resize"
version = "0.4.0"
source = "registry+https://github.com/rust-lang/crates.io-index"
checksum = "c19182c22cc03aa2143e8b53df3524de6b2f0e503bd931f0038578789454b6e5"

[[package]]
name = "rgb"
version = "0.8.16"
source = "registry+https://github.com/rust-lang/crates.io-index"
checksum = "5ec4ab2cf0b27e111e266e161cf7f9efd20125a161190da1c0945c4a4408fef3"

[[package]]
name = "strsim"
version = "0.8.0"
source = "registry+https://github.com/rust-lang/crates.io-index"
checksum = "8ea5119cdb4c55b55d432abb513a0429384878c15dde60cc77b1c99de1a95a6a"

[[package]]
name = "termion"
version = "1.5.5"
source = "registry+https://github.com/rust-lang/crates.io-index"
checksum = "c22cec9d8978d906be5ac94bceb5a010d885c626c4c8855721a4dbd20e3ac905"
dependencies = [
 "libc",
 "numtoa",
 "redox_syscall",
 "redox_termios",
]

[[package]]
name = "textwrap"
version = "0.11.0"
source = "registry+https://github.com/rust-lang/crates.io-index"
checksum = "d326610f408c7a4eb6f51c37c330e496b08506c9457c9d34287ecc38809fb060"
dependencies = [
 "unicode-width",
]

[[package]]
name = "thread_local"
version = "0.3.6"
source = "registry+https://github.com/rust-lang/crates.io-index"
checksum = "c6b53e329000edc2b34dbe8545fd20e55a333362d0a321909685a19bd28c3f1b"
dependencies = [
 "lazy_static",
]

[[package]]
name = "time"
version = "0.1.42"
source = "registry+https://github.com/rust-lang/crates.io-index"
checksum = "db8dcfca086c1143c9270ac42a2bbd8a7ee477b78ac8e45b19abfb0cbede4b6f"
dependencies = [
 "libc",
 "redox_syscall",
 "winapi 0.3.8",
]

[[package]]
name = "ucd-util"
version = "0.1.8"
source = "registry+https://github.com/rust-lang/crates.io-index"
checksum = "c85f514e095d348c279b1e5cd76795082cf15bd59b93207832abe0b1d8fed236"

[[package]]
name = "unicode-width"
version = "0.1.7"
source = "registry+https://github.com/rust-lang/crates.io-index"
checksum = "caaa9d531767d1ff2150b9332433f32a24622147e5ebb1f26409d5da67afd479"

[[package]]
name = "unicode-xid"
version = "0.1.0"
source = "registry+https://github.com/rust-lang/crates.io-index"
checksum = "fc72304796d0818e357ead4e000d19c9c174ab23dc11093ac919054d20a6a7fc"

[[package]]
name = "utf8-ranges"
version = "1.0.4"
source = "registry+https://github.com/rust-lang/crates.io-index"
checksum = "b4ae116fef2b7fea257ed6440d3cfcff7f190865f170cdad00bb6465bf18ecba"

[[package]]
name = "vec_map"
version = "0.8.1"
source = "registry+https://github.com/rust-lang/crates.io-index"
checksum = "05c78687fb1a80548ae3250346c3db86a80a7cdd77bda190189f2d0a0987c81a"

[[package]]
name = "which"
version = "1.0.5"
source = "registry+https://github.com/rust-lang/crates.io-index"
checksum = "e84a603e7e0b1ce1aa1ee2b109c7be00155ce52df5081590d1ffb93f4f515cb2"
dependencies = [
 "libc",
]

[[package]]
name = "wild"
version = "2.0.2"
source = "registry+https://github.com/rust-lang/crates.io-index"
checksum = "97d34fecce28871e5c0e059deae21ef7f7d13b98a5964b24c58b3735c8052fc8"
dependencies = [
 "glob 0.3.0",
]

[[package]]
name = "winapi"
version = "0.2.8"
source = "registry+https://github.com/rust-lang/crates.io-index"
checksum = "167dc9d6949a9b857f3451275e911c3f44255842c1f7a76f33c55103a909087a"

[[package]]
name = "winapi"
version = "0.3.8"
source = "registry+https://github.com/rust-lang/crates.io-index"
checksum = "8093091eeb260906a183e6ae1abdba2ef5ef2257a21801128899c3fc699229c6"
dependencies = [
 "winapi-i686-pc-windows-gnu",
 "winapi-x86_64-pc-windows-gnu",
]

[[package]]
name = "winapi-build"
version = "0.1.1"
source = "registry+https://github.com/rust-lang/crates.io-index"
checksum = "2d315eee3b34aca4797b2da6b13ed88266e6d612562a0c46390af8299fc699bc"

[[package]]
name = "winapi-i686-pc-windows-gnu"
version = "0.4.0"
source = "registry+https://github.com/rust-lang/crates.io-index"
checksum = "ac3b87c63620426dd9b991e5ce0329eff545bccbbb34f3be09ff6fb6ab51b7b6"

[[package]]
name = "winapi-x86_64-pc-windows-gnu"
version = "0.4.0"
source = "registry+https://github.com/rust-lang/crates.io-index"
checksum = "712e227841d057c1ee1cd2fb22fa7e5a5461ae8e48fa2ca79ec42cfc1931183f"
