// !$*UTF8*$!
{
	archiveVersion = 1;
	classes = {
	};
	objectVersion = 54;
	objects = {

/* Begin PBXBuildFile section */
		0E7925202329BDBE00058B94 /* ShareViewController.swift in Sources */ = {isa = PBXBuildFile; fileRef = 0E79251F2329BDBE00058B94 /* ShareViewController.swift */; };
		0E7925232329BDBE00058B94 /* ShareViewController.xib in Resources */ = {isa = PBXBuildFile; fileRef = 0E7925212329BDBE00058B94 /* ShareViewController.xib */; };
		0E7925282329BDBE00058B94 /* ShareExtension.appex in Embed App Extensions */ = {isa = PBXBuildFile; fileRef = 0E79251B2329BDBE00058B94 /* ShareExtension.appex */; settings = {ATTRIBUTES = (RemoveHeadersOnCopy, ); }; };
		6D86841721FD283B0044F6FE /* ConversionCompletedViewController.swift in Sources */ = {isa = PBXBuildFile; fileRef = 6D86841121FD283B0044F6FE /* ConversionCompletedViewController.swift */; };
		6D86841821FD283B0044F6FE /* DraggableFile.swift in Sources */ = {isa = PBXBuildFile; fileRef = 6D86841621FD283B0044F6FE /* DraggableFile.swift */; };
		8548806522B78E8300E97401 /* IntTextField.swift in Sources */ = {isa = PBXBuildFile; fileRef = 8548806422B78E8300E97401 /* IntTextField.swift */; };
		8548806E22B82D1400E97401 /* MenuPopUpButton.swift in Sources */ = {isa = PBXBuildFile; fileRef = 8548806D22B82D1300E97401 /* MenuPopUpButton.swift */; };
		858380E622BFD0E30086BC98 /* VideoDropViewController.swift in Sources */ = {isa = PBXBuildFile; fileRef = 858380E522BFD0E30086BC98 /* VideoDropViewController.swift */; };
		858380EA22BFD38C0086BC98 /* ExtendedAttributes.swift in Sources */ = {isa = PBXBuildFile; fileRef = 858380E922BFD38B0086BC98 /* ExtendedAttributes.swift */; };
		8588EB0D22A424B800030A59 /* ResizableDimensions.swift in Sources */ = {isa = PBXBuildFile; fileRef = 8588EB0C22A424B800030A59 /* ResizableDimensions.swift */; };
		85A5C44822CA41B500CAA94D /* VideoValidator.swift in Sources */ = {isa = PBXBuildFile; fileRef = 85A5C44722CA41B500CAA94D /* VideoValidator.swift */; };
		85B9CF6422BD3FA00050A2E4 /* Tooltip.swift in Sources */ = {isa = PBXBuildFile; fileRef = 85B9CF6322BD3FA00050A2E4 /* Tooltip.swift */; };
		85BF910922F3279300AD3FF6 /* TrimmingAVPlayerViewController.swift in Sources */ = {isa = PBXBuildFile; fileRef = 85BF910822F3279300AD3FF6 /* TrimmingAVPlayerViewController.swift */; };
		85FD156222BFF12B00957AF1 /* ConversionViewController.swift in Sources */ = {isa = PBXBuildFile; fileRef = 85FD155D22BFF12B00957AF1 /* ConversionViewController.swift */; };
		9F3340A322431CC3006EF9B5 /* TimeRemainingEstimator.swift in Sources */ = {isa = PBXBuildFile; fileRef = 9F3340A222431CC3006EF9B5 /* TimeRemainingEstimator.swift */; };
		C2040B8920435871004EE259 /* GifskiWrapper.swift in Sources */ = {isa = PBXBuildFile; fileRef = C2040B8820435871004EE259 /* GifskiWrapper.swift */; };
		C2AFA91D204FFEFD00FC5A7F /* MainWindowController.swift in Sources */ = {isa = PBXBuildFile; fileRef = C2AFA91B204FFEFD00FC5A7F /* MainWindowController.swift */; };
		D957BCDE234941C200A9A9F9 /* CheckerboardView.swift in Sources */ = {isa = PBXBuildFile; fileRef = D957BCDD234941C200A9A9F9 /* CheckerboardView.swift */; };
		E304EB5F25F39EDF003BCE1F /* libgifski.a in Frameworks */ = {isa = PBXBuildFile; fileRef = E304EB5E25F39ED5003BCE1F /* libgifski.a */; };
		E31A4F3124AD36870097B1A5 /* InternetAccessPolicy.json in Resources */ = {isa = PBXBuildFile; fileRef = E31A4F2C24AD36870097B1A5 /* InternetAccessPolicy.json */; };
		E3339E932395766800303839 /* Defaults in Frameworks */ = {isa = PBXBuildFile; productRef = E3339E922395766800303839 /* Defaults */; };
		E3339E9A2395768F00303839 /* CircularProgress in Frameworks */ = {isa = PBXBuildFile; productRef = E3339E992395768F00303839 /* CircularProgress */; };
		E3339E9D2395789500303839 /* DockProgress in Frameworks */ = {isa = PBXBuildFile; productRef = E3339E9C2395789500303839 /* DockProgress */; };
		E339F011203820ED003B78FB /* Gifski.swift in Sources */ = {isa = PBXBuildFile; fileRef = E339F010203820ED003B78FB /* Gifski.swift */; };
		E3908B7426754568000723A7 /* EstimatedFileSize.swift in Sources */ = {isa = PBXBuildFile; fileRef = E3908B7326754568000723A7 /* EstimatedFileSize.swift */; };
		E3A6BD112245345C00F62256 /* Constants.swift in Sources */ = {isa = PBXBuildFile; fileRef = E3A6BD102245345C00F62256 /* Constants.swift */; };
		E3AE62871E5CD2F300035A2F /* App.swift in Sources */ = {isa = PBXBuildFile; fileRef = E3AE62861E5CD2F300035A2F /* App.swift */; };
		E3AE62891E5CD2F300035A2F /* Assets.xcassets in Resources */ = {isa = PBXBuildFile; fileRef = E3AE62881E5CD2F300035A2F /* Assets.xcassets */; };
		E3AE628C1E5CD2F300035A2F /* MainMenu.xib in Resources */ = {isa = PBXBuildFile; fileRef = E3AE628A1E5CD2F300035A2F /* MainMenu.xib */; };
		E3C3DB4F203F154300CB8BB9 /* Credits.rtf in Resources */ = {isa = PBXBuildFile; fileRef = E3C3DB4E203F154300CB8BB9 /* Credits.rtf */; };
		E3C874AA252CFE5B00AB1099 /* FirebaseCrashlytics in Frameworks */ = {isa = PBXBuildFile; productRef = E3C874A9252CFE5B00AB1099 /* FirebaseCrashlytics */; };
		E3CB1DD71F7E4CBC00D79BFC /* VideoDropView.swift in Sources */ = {isa = PBXBuildFile; fileRef = E3CB1DD61F7E4CBC00D79BFC /* VideoDropView.swift */; };
		E3D08F6E1E5D7BFD00F465DF /* Utilities.swift in Sources */ = {isa = PBXBuildFile; fileRef = E3D08F6D1E5D7BFD00F465DF /* Utilities.swift */; };
		E3DF3E88203BD2B900055855 /* EditVideoViewController.swift in Sources */ = {isa = PBXBuildFile; fileRef = E3DF3E86203BD2B900055855 /* EditVideoViewController.swift */; };
		E3DF3E89203BD2B900055855 /* EditVideoViewController.xib in Resources */ = {isa = PBXBuildFile; fileRef = E3DF3E87203BD2B900055855 /* EditVideoViewController.xib */; };
		E3E9A7D6256EBE0800E2B9FD /* Utilities.swift in Sources */ = {isa = PBXBuildFile; fileRef = E3E9A7D5256EBE0800E2B9FD /* Utilities.swift */; };
		E3E9BAE425406B84006AE1B7 /* GoogleService-Info.plist in Resources */ = {isa = PBXBuildFile; fileRef = E3E9BAE325406B84006AE1B7 /* GoogleService-Info.plist */; };
		E3FC365C2377FA0000CF7C59 /* Shared.swift in Sources */ = {isa = PBXBuildFile; fileRef = E3FC365B2377FA0000CF7C59 /* Shared.swift */; };
		E3FC365E2377FA9F00CF7C59 /* Shared.swift in Sources */ = {isa = PBXBuildFile; fileRef = E3FC365B2377FA0000CF7C59 /* Shared.swift */; };
		E3FEF31922C52819003AEFED /* ConversionCompletedViewController.xib in Resources */ = {isa = PBXBuildFile; fileRef = E3FEF31422C52819003AEFED /* ConversionCompletedViewController.xib */; };
/* End PBXBuildFile section */

/* Begin PBXContainerItemProxy section */
		0E7925262329BDBE00058B94 /* PBXContainerItemProxy */ = {
			isa = PBXContainerItemProxy;
			containerPortal = E3AE627B1E5CD2F300035A2F /* Project object */;
			proxyType = 1;
			remoteGlobalIDString = 0E79251A2329BDBE00058B94;
			remoteInfo = ShareExtension;
		};
/* End PBXContainerItemProxy section */

/* Begin PBXCopyFilesBuildPhase section */
		0E7925292329BDBE00058B94 /* Embed App Extensions */ = {
			isa = PBXCopyFilesBuildPhase;
			buildActionMask = 2147483647;
			dstPath = "";
			dstSubfolderSpec = 13;
			files = (
				0E7925282329BDBE00058B94 /* ShareExtension.appex in Embed App Extensions */,
			);
			name = "Embed App Extensions";
			runOnlyForDeploymentPostprocessing = 0;
		};
/* End PBXCopyFilesBuildPhase section */

/* Begin PBXFileReference section */
		0E79251B2329BDBE00058B94 /* ShareExtension.appex */ = {isa = PBXFileReference; explicitFileType = "wrapper.app-extension"; includeInIndex = 0; path = ShareExtension.appex; sourceTree = BUILT_PRODUCTS_DIR; };
		0E79251F2329BDBE00058B94 /* ShareViewController.swift */ = {isa = PBXFileReference; fileEncoding = 4; lastKnownFileType = sourcecode.swift; lineEnding = 0; path = ShareViewController.swift; sourceTree = "<group>"; usesTabs = 1; };
		0E7925222329BDBE00058B94 /* Base */ = {isa = PBXFileReference; lastKnownFileType = file.xib; name = Base; path = Base.lproj/ShareViewController.xib; sourceTree = "<group>"; };
		0E7925242329BDBE00058B94 /* Info.plist */ = {isa = PBXFileReference; lastKnownFileType = text.plist.xml; path = Info.plist; sourceTree = "<group>"; };
		0E7925252329BDBE00058B94 /* ShareExtension.entitlements */ = {isa = PBXFileReference; lastKnownFileType = text.plist.entitlements; path = ShareExtension.entitlements; sourceTree = "<group>"; };
		6D86841121FD283B0044F6FE /* ConversionCompletedViewController.swift */ = {isa = PBXFileReference; fileEncoding = 4; lastKnownFileType = sourcecode.swift; lineEnding = 0; path = ConversionCompletedViewController.swift; sourceTree = "<group>"; usesTabs = 1; };
		6D86841621FD283B0044F6FE /* DraggableFile.swift */ = {isa = PBXFileReference; fileEncoding = 4; lastKnownFileType = sourcecode.swift; lineEnding = 0; path = DraggableFile.swift; sourceTree = "<group>"; usesTabs = 1; };
		8548806422B78E8300E97401 /* IntTextField.swift */ = {isa = PBXFileReference; fileEncoding = 4; lastKnownFileType = sourcecode.swift; lineEnding = 0; path = IntTextField.swift; sourceTree = "<group>"; usesTabs = 1; };
		8548806D22B82D1300E97401 /* MenuPopUpButton.swift */ = {isa = PBXFileReference; fileEncoding = 4; lastKnownFileType = sourcecode.swift; lineEnding = 0; path = MenuPopUpButton.swift; sourceTree = "<group>"; usesTabs = 1; };
		858380E522BFD0E30086BC98 /* VideoDropViewController.swift */ = {isa = PBXFileReference; fileEncoding = 4; lastKnownFileType = sourcecode.swift; lineEnding = 0; path = VideoDropViewController.swift; sourceTree = "<group>"; };
		858380E922BFD38B0086BC98 /* ExtendedAttributes.swift */ = {isa = PBXFileReference; fileEncoding = 4; lastKnownFileType = sourcecode.swift; lineEnding = 0; path = ExtendedAttributes.swift; sourceTree = "<group>"; usesTabs = 1; };
		8588EB0C22A424B800030A59 /* ResizableDimensions.swift */ = {isa = PBXFileReference; fileEncoding = 4; lastKnownFileType = sourcecode.swift; lineEnding = 0; path = ResizableDimensions.swift; sourceTree = "<group>"; usesTabs = 1; };
		85A5C44722CA41B500CAA94D /* VideoValidator.swift */ = {isa = PBXFileReference; fileEncoding = 4; lastKnownFileType = sourcecode.swift; lineEnding = 0; path = VideoValidator.swift; sourceTree = "<group>"; usesTabs = 1; };
		85B9CF6322BD3FA00050A2E4 /* Tooltip.swift */ = {isa = PBXFileReference; fileEncoding = 4; lastKnownFileType = sourcecode.swift; lineEnding = 0; path = Tooltip.swift; sourceTree = "<group>"; usesTabs = 1; };
		85BF910822F3279300AD3FF6 /* TrimmingAVPlayerViewController.swift */ = {isa = PBXFileReference; fileEncoding = 4; lastKnownFileType = sourcecode.swift; lineEnding = 0; path = TrimmingAVPlayerViewController.swift; sourceTree = "<group>"; usesTabs = 1; };
		85FD155D22BFF12B00957AF1 /* ConversionViewController.swift */ = {isa = PBXFileReference; fileEncoding = 4; lastKnownFileType = sourcecode.swift; lineEnding = 0; path = ConversionViewController.swift; sourceTree = "<group>"; };
		9F3340A222431CC3006EF9B5 /* TimeRemainingEstimator.swift */ = {isa = PBXFileReference; fileEncoding = 4; lastKnownFileType = sourcecode.swift; lineEnding = 0; path = TimeRemainingEstimator.swift; sourceTree = "<group>"; usesTabs = 1; };
		C2040B8820435871004EE259 /* GifskiWrapper.swift */ = {isa = PBXFileReference; fileEncoding = 4; lastKnownFileType = sourcecode.swift; lineEnding = 0; path = GifskiWrapper.swift; sourceTree = "<group>"; usesTabs = 1; };
		C2AFA91B204FFEFD00FC5A7F /* MainWindowController.swift */ = {isa = PBXFileReference; fileEncoding = 4; lastKnownFileType = sourcecode.swift; lineEnding = 0; path = MainWindowController.swift; sourceTree = "<group>"; usesTabs = 1; };
		D957BCDD234941C200A9A9F9 /* CheckerboardView.swift */ = {isa = PBXFileReference; fileEncoding = 4; lastKnownFileType = sourcecode.swift; lineEnding = 0; path = CheckerboardView.swift; sourceTree = "<group>"; usesTabs = 1; };
		E304EB5E25F39ED5003BCE1F /* libgifski.a */ = {isa = PBXFileReference; lastKnownFileType = archive.ar; name = libgifski.a; path = "gifski-api/target/release-universal/libgifski.a"; sourceTree = "<group>"; };
		E304EB8725F3A4D2003BCE1F /* gifski.h */ = {isa = PBXFileReference; fileEncoding = 4; lastKnownFileType = sourcecode.c.h; name = gifski.h; path = "gifski-api/gifski.h"; sourceTree = SOURCE_ROOT; };
		E31A4F2C24AD36870097B1A5 /* InternetAccessPolicy.json */ = {isa = PBXFileReference; fileEncoding = 4; lastKnownFileType = text.json; path = InternetAccessPolicy.json; sourceTree = "<group>"; };
		E339F010203820ED003B78FB /* Gifski.swift */ = {isa = PBXFileReference; fileEncoding = 4; lastKnownFileType = sourcecode.swift; lineEnding = 0; path = Gifski.swift; sourceTree = "<group>"; usesTabs = 1; };
		E3805F542466E68900489E6C /* Config.xcconfig */ = {isa = PBXFileReference; lastKnownFileType = text.xcconfig; path = Config.xcconfig; sourceTree = "<group>"; };
		E3908B7326754568000723A7 /* EstimatedFileSize.swift */ = {isa = PBXFileReference; lastKnownFileType = sourcecode.swift; path = EstimatedFileSize.swift; sourceTree = "<group>"; };
		E3A6BD102245345C00F62256 /* Constants.swift */ = {isa = PBXFileReference; fileEncoding = 4; lastKnownFileType = sourcecode.swift; lineEnding = 0; path = Constants.swift; sourceTree = "<group>"; usesTabs = 1; };
		E3AE62831E5CD2F300035A2F /* Gifski.app */ = {isa = PBXFileReference; explicitFileType = wrapper.application; includeInIndex = 0; path = Gifski.app; sourceTree = BUILT_PRODUCTS_DIR; };
		E3AE62861E5CD2F300035A2F /* App.swift */ = {isa = PBXFileReference; fileEncoding = 4; lastKnownFileType = sourcecode.swift; lineEnding = 0; path = App.swift; sourceTree = "<group>"; usesTabs = 1; };
		E3AE62881E5CD2F300035A2F /* Assets.xcassets */ = {isa = PBXFileReference; lastKnownFileType = folder.assetcatalog; path = Assets.xcassets; sourceTree = "<group>"; };
		E3AE628B1E5CD2F300035A2F /* Base */ = {isa = PBXFileReference; lastKnownFileType = file.xib; name = Base; path = Base.lproj/MainMenu.xib; sourceTree = "<group>"; };
		E3AE628D1E5CD2F300035A2F /* Info.plist */ = {isa = PBXFileReference; lastKnownFileType = text.plist.xml; path = Info.plist; sourceTree = "<group>"; };
		E3BF14CC1E5CD5A30049FD4B /* Gifski.entitlements */ = {isa = PBXFileReference; lastKnownFileType = text.plist.entitlements; path = Gifski.entitlements; sourceTree = "<group>"; };
		E3C3DB4E203F154300CB8BB9 /* Credits.rtf */ = {isa = PBXFileReference; lastKnownFileType = text.rtf; path = Credits.rtf; sourceTree = "<group>"; };
		E3CB1DD61F7E4CBC00D79BFC /* VideoDropView.swift */ = {isa = PBXFileReference; fileEncoding = 4; lastKnownFileType = sourcecode.swift; lineEnding = 0; path = VideoDropView.swift; sourceTree = "<group>"; usesTabs = 1; };
		E3D08F6D1E5D7BFD00F465DF /* Utilities.swift */ = {isa = PBXFileReference; fileEncoding = 4; lastKnownFileType = sourcecode.swift; lineEnding = 0; path = Utilities.swift; sourceTree = "<group>"; usesTabs = 1; };
		E3DF3E86203BD2B900055855 /* EditVideoViewController.swift */ = {isa = PBXFileReference; fileEncoding = 4; lastKnownFileType = sourcecode.swift; lineEnding = 0; path = EditVideoViewController.swift; sourceTree = "<group>"; usesTabs = 1; };
		E3DF3E87203BD2B900055855 /* EditVideoViewController.xib */ = {isa = PBXFileReference; lastKnownFileType = file.xib; path = EditVideoViewController.xib; sourceTree = "<group>"; };
		E3E9A7D5256EBE0800E2B9FD /* Utilities.swift */ = {isa = PBXFileReference; lastKnownFileType = sourcecode.swift; path = Utilities.swift; sourceTree = "<group>"; };
		E3E9BAE325406B84006AE1B7 /* GoogleService-Info.plist */ = {isa = PBXFileReference; fileEncoding = 4; lastKnownFileType = text.plist.xml; path = "GoogleService-Info.plist"; sourceTree = "<group>"; };
		E3FC365B2377FA0000CF7C59 /* Shared.swift */ = {isa = PBXFileReference; fileEncoding = 4; lastKnownFileType = sourcecode.swift; lineEnding = 0; name = Shared.swift; path = Gifski/Shared.swift; sourceTree = SOURCE_ROOT; usesTabs = 1; };
		E3FD6190201BCBC30087160A /* Gifski-Bridging-Header.h */ = {isa = PBXFileReference; fileEncoding = 4; lastKnownFileType = sourcecode.c.h; lineEnding = 0; path = "Gifski-Bridging-Header.h"; sourceTree = "<group>"; usesTabs = 1; };
		E3FEF31422C52819003AEFED /* ConversionCompletedViewController.xib */ = {isa = PBXFileReference; fileEncoding = 4; lastKnownFileType = file.xib; path = ConversionCompletedViewController.xib; sourceTree = "<group>"; };
/* End PBXFileReference section */

/* Begin PBXFrameworksBuildPhase section */
		0E7925182329BDBE00058B94 /* Frameworks */ = {
			isa = PBXFrameworksBuildPhase;
			buildActionMask = 2147483647;
			files = (
			);
			runOnlyForDeploymentPostprocessing = 0;
		};
		E3AE62801E5CD2F300035A2F /* Frameworks */ = {
			isa = PBXFrameworksBuildPhase;
			buildActionMask = 2147483647;
			files = (
				E3339E9A2395768F00303839 /* CircularProgress in Frameworks */,
				E3339E932395766800303839 /* Defaults in Frameworks */,
				E3339E9D2395789500303839 /* DockProgress in Frameworks */,
				E304EB5F25F39EDF003BCE1F /* libgifski.a in Frameworks */,
				E3C874AA252CFE5B00AB1099 /* FirebaseCrashlytics in Frameworks */,
			);
			runOnlyForDeploymentPostprocessing = 0;
		};
/* End PBXFrameworksBuildPhase section */

/* Begin PBXGroup section */
		0E79251C2329BDBE00058B94 /* ShareExtension */ = {
			isa = PBXGroup;
			children = (
				0E79251F2329BDBE00058B94 /* ShareViewController.swift */,
				0E7925212329BDBE00058B94 /* ShareViewController.xib */,
				E3E9A7D5256EBE0800E2B9FD /* Utilities.swift */,
				0E7925242329BDBE00058B94 /* Info.plist */,
				0E7925252329BDBE00058B94 /* ShareExtension.entitlements */,
			);
			path = ShareExtension;
			sourceTree = "<group>";
		};
		E317EE121F88305800359C57 /* Frameworks */ = {
			isa = PBXGroup;
			children = (
				E304EB5E25F39ED5003BCE1F /* libgifski.a */,
			);
			name = Frameworks;
			sourceTree = "<group>";
		};
		E356A15D21028942000148AD /* Other */ = {
			isa = PBXGroup;
			children = (
				E3FD6190201BCBC30087160A /* Gifski-Bridging-Header.h */,
				E304EB8725F3A4D2003BCE1F /* gifski.h */,
				E3C3DB4E203F154300CB8BB9 /* Credits.rtf */,
				E3AE628D1E5CD2F300035A2F /* Info.plist */,
				E3BF14CC1E5CD5A30049FD4B /* Gifski.entitlements */,
				E31A4F2C24AD36870097B1A5 /* InternetAccessPolicy.json */,
				E3E9BAE325406B84006AE1B7 /* GoogleService-Info.plist */,
			);
			name = Other;
			sourceTree = "<group>";
		};
		E3AE627A1E5CD2F300035A2F = {
			isa = PBXGroup;
			children = (
				E3805F542466E68900489E6C /* Config.xcconfig */,
				E3AE62851E5CD2F300035A2F /* Gifski */,
				0E79251C2329BDBE00058B94 /* ShareExtension */,
				E3AE62841E5CD2F300035A2F /* Products */,
				E317EE121F88305800359C57 /* Frameworks */,
			);
			sourceTree = "<group>";
			usesTabs = 1;
		};
		E3AE62841E5CD2F300035A2F /* Products */ = {
			isa = PBXGroup;
			children = (
				E3AE62831E5CD2F300035A2F /* Gifski.app */,
				0E79251B2329BDBE00058B94 /* ShareExtension.appex */,
			);
			name = Products;
			sourceTree = "<group>";
		};
		E3AE62851E5CD2F300035A2F /* Gifski */ = {
			isa = PBXGroup;
			children = (
				E3AE62861E5CD2F300035A2F /* App.swift */,
				E3A6BD102245345C00F62256 /* Constants.swift */,
				E3FC365B2377FA0000CF7C59 /* Shared.swift */,
				C2AFA91B204FFEFD00FC5A7F /* MainWindowController.swift */,
				858380E522BFD0E30086BC98 /* VideoDropViewController.swift */,
				E3908B7326754568000723A7 /* EstimatedFileSize.swift */,
				E3DF3E86203BD2B900055855 /* EditVideoViewController.swift */,
				E3DF3E87203BD2B900055855 /* EditVideoViewController.xib */,
				85FD155D22BFF12B00957AF1 /* ConversionViewController.swift */,
				6D86841121FD283B0044F6FE /* ConversionCompletedViewController.swift */,
				E3FEF31422C52819003AEFED /* ConversionCompletedViewController.xib */,
				85BF910822F3279300AD3FF6 /* TrimmingAVPlayerViewController.swift */,
				E3CB1DD61F7E4CBC00D79BFC /* VideoDropView.swift */,
				6D86841621FD283B0044F6FE /* DraggableFile.swift */,
				9F3340A222431CC3006EF9B5 /* TimeRemainingEstimator.swift */,
				E339F010203820ED003B78FB /* Gifski.swift */,
				C2040B8820435871004EE259 /* GifskiWrapper.swift */,
				D957BCDD234941C200A9A9F9 /* CheckerboardView.swift */,
				8588EB0C22A424B800030A59 /* ResizableDimensions.swift */,
				8548806422B78E8300E97401 /* IntTextField.swift */,
				8548806D22B82D1300E97401 /* MenuPopUpButton.swift */,
				85B9CF6322BD3FA00050A2E4 /* Tooltip.swift */,
				858380E922BFD38B0086BC98 /* ExtendedAttributes.swift */,
				85A5C44722CA41B500CAA94D /* VideoValidator.swift */,
				E3D08F6D1E5D7BFD00F465DF /* Utilities.swift */,
				E3AE628A1E5CD2F300035A2F /* MainMenu.xib */,
				E3AE62881E5CD2F300035A2F /* Assets.xcassets */,
				E356A15D21028942000148AD /* Other */,
			);
			path = Gifski;
			sourceTree = "<group>";
		};
/* End PBXGroup section */

/* Begin PBXNativeTarget section */
		0E79251A2329BDBE00058B94 /* ShareExtension */ = {
			isa = PBXNativeTarget;
			buildConfigurationList = 0E7925302329BDBE00058B94 /* Build configuration list for PBXNativeTarget "ShareExtension" */;
			buildPhases = (
				0E7925172329BDBE00058B94 /* Sources */,
				0E7925182329BDBE00058B94 /* Frameworks */,
				0E7925192329BDBE00058B94 /* Resources */,
			);
			buildRules = (
			);
			dependencies = (
			);
			name = ShareExtension;
			productName = ShareExtension;
			productReference = 0E79251B2329BDBE00058B94 /* ShareExtension.appex */;
			productType = "com.apple.product-type.app-extension";
		};
		E3AE62821E5CD2F300035A2F /* Gifski */ = {
			isa = PBXNativeTarget;
			buildConfigurationList = E3AE62901E5CD2F300035A2F /* Build configuration list for PBXNativeTarget "Gifski" */;
			buildPhases = (
				E36D89991EFF79F7005042A8 /* SwiftLint */,
				E3AE627F1E5CD2F300035A2F /* Sources */,
				E3AE62801E5CD2F300035A2F /* Frameworks */,
				E3AE62811E5CD2F300035A2F /* Resources */,
				0E7925292329BDBE00058B94 /* Embed App Extensions */,
			);
			buildRules = (
			);
			dependencies = (
				0E7925272329BDBE00058B94 /* PBXTargetDependency */,
			);
			name = Gifski;
			packageProductDependencies = (
				E3339E922395766800303839 /* Defaults */,
				E3339E992395768F00303839 /* CircularProgress */,
				E3339E9C2395789500303839 /* DockProgress */,
				E3C874A9252CFE5B00AB1099 /* FirebaseCrashlytics */,
			);
			productName = "HEIC Converter";
			productReference = E3AE62831E5CD2F300035A2F /* Gifski.app */;
			productType = "com.apple.product-type.application";
		};
/* End PBXNativeTarget section */

/* Begin PBXProject section */
		E3AE627B1E5CD2F300035A2F /* Project object */ = {
			isa = PBXProject;
			attributes = {
				LastSwiftUpdateCheck = 1100;
				LastUpgradeCheck = 1200;
				ORGANIZATIONNAME = "Sindre Sorhus";
				TargetAttributes = {
					0E79251A2329BDBE00058B94 = {
						CreatedOnToolsVersion = 11.0;
					};
					E3AE62821E5CD2F300035A2F = {
						CreatedOnToolsVersion = 8.2.1;
						LastSwiftMigration = 1020;
						SystemCapabilities = {
							com.apple.HardenedRuntime = {
								enabled = 1;
							};
							com.apple.Sandbox = {
								enabled = 1;
							};
						};
					};
				};
			};
			buildConfigurationList = E3AE627E1E5CD2F300035A2F /* Build configuration list for PBXProject "Gifski" */;
			compatibilityVersion = "Xcode 12.0";
			developmentRegion = en;
			hasScannedForEncodings = 0;
			knownRegions = (
				en,
				Base,
			);
			mainGroup = E3AE627A1E5CD2F300035A2F;
			packageReferences = (
				E3339E912395766800303839 /* XCRemoteSwiftPackageReference "Defaults" */,
				E3339E982395768F00303839 /* XCRemoteSwiftPackageReference "CircularProgress" */,
				E3339E9B2395789500303839 /* XCRemoteSwiftPackageReference "DockProgress" */,
				E3C874A8252CFE5B00AB1099 /* XCRemoteSwiftPackageReference "firebase-ios-sdk" */,
			);
			productRefGroup = E3AE62841E5CD2F300035A2F /* Products */;
			projectDirPath = "";
			projectRoot = "";
			targets = (
				E3AE62821E5CD2F300035A2F /* Gifski */,
				0E79251A2329BDBE00058B94 /* ShareExtension */,
			);
		};
/* End PBXProject section */

/* Begin PBXResourcesBuildPhase section */
		0E7925192329BDBE00058B94 /* Resources */ = {
			isa = PBXResourcesBuildPhase;
			buildActionMask = 2147483647;
			files = (
				0E7925232329BDBE00058B94 /* ShareViewController.xib in Resources */,
			);
			runOnlyForDeploymentPostprocessing = 0;
		};
		E3AE62811E5CD2F300035A2F /* Resources */ = {
			isa = PBXResourcesBuildPhase;
			buildActionMask = 2147483647;
			files = (
				E3AE62891E5CD2F300035A2F /* Assets.xcassets in Resources */,
				E3AE628C1E5CD2F300035A2F /* MainMenu.xib in Resources */,
				E31A4F3124AD36870097B1A5 /* InternetAccessPolicy.json in Resources */,
				E3DF3E89203BD2B900055855 /* EditVideoViewController.xib in Resources */,
				E3C3DB4F203F154300CB8BB9 /* Credits.rtf in Resources */,
				E3FEF31922C52819003AEFED /* ConversionCompletedViewController.xib in Resources */,
				E3E9BAE425406B84006AE1B7 /* GoogleService-Info.plist in Resources */,
			);
			runOnlyForDeploymentPostprocessing = 0;
		};
/* End PBXResourcesBuildPhase section */

/* Begin PBXShellScriptBuildPhase section */
		E36D89991EFF79F7005042A8 /* SwiftLint */ = {
			isa = PBXShellScriptBuildPhase;
			buildActionMask = 2147483647;
			files = (
			);
			inputPaths = (
			);
			name = SwiftLint;
			outputPaths = (
			);
			runOnlyForDeploymentPostprocessing = 0;
			shellPath = /bin/sh;
			shellScript = "if which swiftlint >/dev/null; then\n    swiftlint\nelse\n    echo \"warning: SwiftLint not installed\"\nfi\n";
			showEnvVarsInLog = 0;
		};
/* End PBXShellScriptBuildPhase section */

/* Begin PBXSourcesBuildPhase section */
		0E7925172329BDBE00058B94 /* Sources */ = {
			isa = PBXSourcesBuildPhase;
			buildActionMask = 2147483647;
			files = (
				E3E9A7D6256EBE0800E2B9FD /* Utilities.swift in Sources */,
				E3FC365E2377FA9F00CF7C59 /* Shared.swift in Sources */,
				0E7925202329BDBE00058B94 /* ShareViewController.swift in Sources */,
			);
			runOnlyForDeploymentPostprocessing = 0;
		};
		E3AE627F1E5CD2F300035A2F /* Sources */ = {
			isa = PBXSourcesBuildPhase;
			buildActionMask = 2147483647;
			files = (
				85B9CF6422BD3FA00050A2E4 /* Tooltip.swift in Sources */,
				E3D08F6E1E5D7BFD00F465DF /* Utilities.swift in Sources */,
				E339F011203820ED003B78FB /* Gifski.swift in Sources */,
				E3A6BD112245345C00F62256 /* Constants.swift in Sources */,
				C2040B8920435871004EE259 /* GifskiWrapper.swift in Sources */,
				8588EB0D22A424B800030A59 /* ResizableDimensions.swift in Sources */,
				E3908B7426754568000723A7 /* EstimatedFileSize.swift in Sources */,
				D957BCDE234941C200A9A9F9 /* CheckerboardView.swift in Sources */,
				858380EA22BFD38C0086BC98 /* ExtendedAttributes.swift in Sources */,
				E3CB1DD71F7E4CBC00D79BFC /* VideoDropView.swift in Sources */,
				85BF910922F3279300AD3FF6 /* TrimmingAVPlayerViewController.swift in Sources */,
				8548806522B78E8300E97401 /* IntTextField.swift in Sources */,
				E3DF3E88203BD2B900055855 /* EditVideoViewController.swift in Sources */,
				6D86841721FD283B0044F6FE /* ConversionCompletedViewController.swift in Sources */,
				E3FC365C2377FA0000CF7C59 /* Shared.swift in Sources */,
				858380E622BFD0E30086BC98 /* VideoDropViewController.swift in Sources */,
				8548806E22B82D1400E97401 /* MenuPopUpButton.swift in Sources */,
				85A5C44822CA41B500CAA94D /* VideoValidator.swift in Sources */,
				C2AFA91D204FFEFD00FC5A7F /* MainWindowController.swift in Sources */,
				E3AE62871E5CD2F300035A2F /* App.swift in Sources */,
				6D86841821FD283B0044F6FE /* DraggableFile.swift in Sources */,
				9F3340A322431CC3006EF9B5 /* TimeRemainingEstimator.swift in Sources */,
				85FD156222BFF12B00957AF1 /* ConversionViewController.swift in Sources */,
			);
			runOnlyForDeploymentPostprocessing = 0;
		};
/* End PBXSourcesBuildPhase section */

/* Begin PBXTargetDependency section */
		0E7925272329BDBE00058B94 /* PBXTargetDependency */ = {
			isa = PBXTargetDependency;
			target = 0E79251A2329BDBE00058B94 /* ShareExtension */;
			targetProxy = 0E7925262329BDBE00058B94 /* PBXContainerItemProxy */;
		};
/* End PBXTargetDependency section */

/* Begin PBXVariantGroup section */
		0E7925212329BDBE00058B94 /* ShareViewController.xib */ = {
			isa = PBXVariantGroup;
			children = (
				0E7925222329BDBE00058B94 /* Base */,
			);
			name = ShareViewController.xib;
			sourceTree = "<group>";
			usesTabs = 1;
		};
		E3AE628A1E5CD2F300035A2F /* MainMenu.xib */ = {
			isa = PBXVariantGroup;
			children = (
				E3AE628B1E5CD2F300035A2F /* Base */,
			);
			name = MainMenu.xib;
			sourceTree = "<group>";
		};
/* End PBXVariantGroup section */

/* Begin XCBuildConfiguration section */
		0E79252A2329BDBE00058B94 /* Debug */ = {
			isa = XCBuildConfiguration;
			buildSettings = {
				CLANG_ANALYZER_NUMBER_OBJECT_CONVERSION = YES_AGGRESSIVE;
				CLANG_CXX_LANGUAGE_STANDARD = "gnu++14";
				CLANG_ENABLE_OBJC_WEAK = YES;
				CLANG_WARN_UNGUARDED_AVAILABILITY = YES_AGGRESSIVE;
				CODE_SIGN_ENTITLEMENTS = ShareExtension/ShareExtension.entitlements;
				CODE_SIGN_IDENTITY = "Apple Development";
				CODE_SIGN_STYLE = Automatic;
				COMBINE_HIDPI_IMAGES = YES;
				DEVELOPMENT_TEAM = YG56YK5RN5;
				ENABLE_HARDENED_RUNTIME = YES;
				GCC_C_LANGUAGE_STANDARD = gnu11;
				INFOPLIST_FILE = ShareExtension/Info.plist;
				LD_RUNPATH_SEARCH_PATHS = (
					"$(inherited)",
					"@executable_path/../Frameworks",
					"@executable_path/../../../../Frameworks",
				);
				MTL_ENABLE_DEBUG_INFO = INCLUDE_SOURCE;
				MTL_FAST_MATH = YES;
				PRODUCT_BUNDLE_IDENTIFIER = com.sindresorhus.Gifski.ShareExtension;
				PRODUCT_NAME = "$(TARGET_NAME)";
				PROVISIONING_PROFILE_SPECIFIER = "";
				SKIP_INSTALL = YES;
				SWIFT_VERSION = 5.0;
			};
			name = Debug;
		};
		0E79252B2329BDBE00058B94 /* Release */ = {
			isa = XCBuildConfiguration;
			buildSettings = {
				CLANG_ANALYZER_NUMBER_OBJECT_CONVERSION = YES_AGGRESSIVE;
				CLANG_CXX_LANGUAGE_STANDARD = "gnu++14";
				CLANG_ENABLE_OBJC_WEAK = YES;
				CLANG_WARN_UNGUARDED_AVAILABILITY = YES_AGGRESSIVE;
				CODE_SIGN_ENTITLEMENTS = ShareExtension/ShareExtension.entitlements;
				CODE_SIGN_IDENTITY = "Apple Development";
				CODE_SIGN_STYLE = Automatic;
				COMBINE_HIDPI_IMAGES = YES;
				DEVELOPMENT_TEAM = YG56YK5RN5;
				ENABLE_HARDENED_RUNTIME = YES;
				GCC_C_LANGUAGE_STANDARD = gnu11;
				INFOPLIST_FILE = ShareExtension/Info.plist;
				LD_RUNPATH_SEARCH_PATHS = (
					"$(inherited)",
					"@executable_path/../Frameworks",
					"@executable_path/../../../../Frameworks",
				);
				MTL_FAST_MATH = YES;
				PRODUCT_BUNDLE_IDENTIFIER = com.sindresorhus.Gifski.ShareExtension;
				PRODUCT_NAME = "$(TARGET_NAME)";
				PROVISIONING_PROFILE_SPECIFIER = "";
				SKIP_INSTALL = YES;
				SWIFT_VERSION = 5.0;
			};
			name = Release;
		};
		E3AE628E1E5CD2F300035A2F /* Debug */ = {
			isa = XCBuildConfiguration;
			baseConfigurationReference = E3805F542466E68900489E6C /* Config.xcconfig */;
			buildSettings = {
				ALWAYS_SEARCH_USER_PATHS = NO;
				CLANG_ANALYZER_NONNULL = YES;
				CLANG_CXX_LANGUAGE_STANDARD = "gnu++0x";
				CLANG_CXX_LIBRARY = "libc++";
				CLANG_ENABLE_MODULES = YES;
				CLANG_ENABLE_OBJC_ARC = YES;
				CLANG_WARN_BLOCK_CAPTURE_AUTORELEASING = YES;
				CLANG_WARN_BOOL_CONVERSION = YES;
				CLANG_WARN_COMMA = YES;
				CLANG_WARN_CONSTANT_CONVERSION = YES;
				CLANG_WARN_DEPRECATED_OBJC_IMPLEMENTATIONS = YES;
				CLANG_WARN_DIRECT_OBJC_ISA_USAGE = YES_ERROR;
				CLANG_WARN_DOCUMENTATION_COMMENTS = YES;
				CLANG_WARN_EMPTY_BODY = YES;
				CLANG_WARN_ENUM_CONVERSION = YES;
				CLANG_WARN_INFINITE_RECURSION = YES;
				CLANG_WARN_INT_CONVERSION = YES;
				CLANG_WARN_NON_LITERAL_NULL_CONVERSION = YES;
				CLANG_WARN_OBJC_IMPLICIT_RETAIN_SELF = YES;
				CLANG_WARN_OBJC_LITERAL_CONVERSION = YES;
				CLANG_WARN_OBJC_ROOT_CLASS = YES_ERROR;
				CLANG_WARN_QUOTED_INCLUDE_IN_FRAMEWORK_HEADER = YES;
				CLANG_WARN_RANGE_LOOP_ANALYSIS = YES;
				CLANG_WARN_STRICT_PROTOTYPES = YES;
				CLANG_WARN_SUSPICIOUS_MOVE = YES;
				CLANG_WARN_UNREACHABLE_CODE = YES;
				CLANG_WARN__DUPLICATE_METHOD_MATCH = YES;
				CODE_SIGN_IDENTITY = "-";
				COPY_PHASE_STRIP = NO;
				DEBUG_INFORMATION_FORMAT = dwarf;
				ENABLE_STRICT_OBJC_MSGSEND = YES;
				ENABLE_TESTABILITY = YES;
				GCC_C_LANGUAGE_STANDARD = gnu99;
				GCC_DYNAMIC_NO_PIC = NO;
				GCC_NO_COMMON_BLOCKS = YES;
				GCC_OPTIMIZATION_LEVEL = 0;
				GCC_PREPROCESSOR_DEFINITIONS = (
					"DEBUG=1",
					"$(inherited)",
				);
				GCC_WARN_64_TO_32_BIT_CONVERSION = YES;
				GCC_WARN_ABOUT_RETURN_TYPE = YES_ERROR;
				GCC_WARN_UNDECLARED_SELECTOR = YES;
				GCC_WARN_UNINITIALIZED_AUTOS = YES_AGGRESSIVE;
				GCC_WARN_UNUSED_FUNCTION = YES;
				GCC_WARN_UNUSED_VARIABLE = YES;
				MACOSX_DEPLOYMENT_TARGET = 10.15;
				MTL_ENABLE_DEBUG_INFO = YES;
				ONLY_ACTIVE_ARCH = YES;
				SDKROOT = macosx;
				SWIFT_ACTIVE_COMPILATION_CONDITIONS = DEBUG;
				SWIFT_COMPILATION_MODE = singlefile;
				SWIFT_OPTIMIZATION_LEVEL = "-Onone";
				SWIFT_VERSION = 5.0;
			};
			name = Debug;
		};
		E3AE628F1E5CD2F300035A2F /* Release */ = {
			isa = XCBuildConfiguration;
			baseConfigurationReference = E3805F542466E68900489E6C /* Config.xcconfig */;
			buildSettings = {
				ALWAYS_SEARCH_USER_PATHS = NO;
				CLANG_ANALYZER_NONNULL = YES;
				CLANG_CXX_LANGUAGE_STANDARD = "gnu++0x";
				CLANG_CXX_LIBRARY = "libc++";
				CLANG_ENABLE_MODULES = YES;
				CLANG_ENABLE_OBJC_ARC = YES;
				CLANG_WARN_BLOCK_CAPTURE_AUTORELEASING = YES;
				CLANG_WARN_BOOL_CONVERSION = YES;
				CLANG_WARN_COMMA = YES;
				CLANG_WARN_CONSTANT_CONVERSION = YES;
				CLANG_WARN_DEPRECATED_OBJC_IMPLEMENTATIONS = YES;
				CLANG_WARN_DIRECT_OBJC_ISA_USAGE = YES_ERROR;
				CLANG_WARN_DOCUMENTATION_COMMENTS = YES;
				CLANG_WARN_EMPTY_BODY = YES;
				CLANG_WARN_ENUM_CONVERSION = YES;
				CLANG_WARN_INFINITE_RECURSION = YES;
				CLANG_WARN_INT_CONVERSION = YES;
				CLANG_WARN_NON_LITERAL_NULL_CONVERSION = YES;
				CLANG_WARN_OBJC_IMPLICIT_RETAIN_SELF = YES;
				CLANG_WARN_OBJC_LITERAL_CONVERSION = YES;
				CLANG_WARN_OBJC_ROOT_CLASS = YES_ERROR;
				CLANG_WARN_QUOTED_INCLUDE_IN_FRAMEWORK_HEADER = YES;
				CLANG_WARN_RANGE_LOOP_ANALYSIS = YES;
				CLANG_WARN_STRICT_PROTOTYPES = YES;
				CLANG_WARN_SUSPICIOUS_MOVE = YES;
				CLANG_WARN_UNREACHABLE_CODE = YES;
				CLANG_WARN__DUPLICATE_METHOD_MATCH = YES;
				CODE_SIGN_IDENTITY = "-";
				COPY_PHASE_STRIP = NO;
				DEBUG_INFORMATION_FORMAT = "dwarf-with-dsym";
				ENABLE_NS_ASSERTIONS = NO;
				ENABLE_STRICT_OBJC_MSGSEND = YES;
				GCC_C_LANGUAGE_STANDARD = gnu99;
				GCC_NO_COMMON_BLOCKS = YES;
				GCC_WARN_64_TO_32_BIT_CONVERSION = YES;
				GCC_WARN_ABOUT_RETURN_TYPE = YES_ERROR;
				GCC_WARN_UNDECLARED_SELECTOR = YES;
				GCC_WARN_UNINITIALIZED_AUTOS = YES_AGGRESSIVE;
				GCC_WARN_UNUSED_FUNCTION = YES;
				GCC_WARN_UNUSED_VARIABLE = YES;
				MACOSX_DEPLOYMENT_TARGET = 10.15;
				MTL_ENABLE_DEBUG_INFO = NO;
				SDKROOT = macosx;
				SWIFT_COMPILATION_MODE = wholemodule;
				SWIFT_OPTIMIZATION_LEVEL = "-O";
				SWIFT_VERSION = 5.0;
			};
			name = Release;
		};
		E3AE62911E5CD2F300035A2F /* Debug */ = {
			isa = XCBuildConfiguration;
			buildSettings = {
				ASSETCATALOG_COMPILER_APPICON_NAME = AppIcon;
				CLANG_ENABLE_MODULES = YES;
				CODE_SIGN_ENTITLEMENTS = Gifski/Gifski.entitlements;
				CODE_SIGN_IDENTITY = "Apple Development";
				CODE_SIGN_STYLE = Automatic;
				COMBINE_HIDPI_IMAGES = YES;
				DEVELOPMENT_TEAM = YG56YK5RN5;
				ENABLE_HARDENED_RUNTIME = YES;
				FRAMEWORK_SEARCH_PATHS = (
					"$(inherited)",
					"$(PROJECT_DIR)",
					"$(PROJECT_DIR)/Frameworks",
				);
				HEADER_SEARCH_PATHS = "";
				INFOPLIST_FILE = "$(SRCROOT)/Gifski/Info.plist";
				LD_RUNPATH_SEARCH_PATHS = (
					"$(inherited)",
					"@executable_path/../Frameworks",
				);
				LIBRARY_SEARCH_PATHS = (
					"$(inherited)",
					/usr/local/opt/gcc/lib/gcc/10,
					"$(PROJECT_DIR)/gifski-api/target/release-universal",
				);
				PRODUCT_BUNDLE_IDENTIFIER = com.sindresorhus.Gifski;
				PRODUCT_NAME = "$(TARGET_NAME)";
				PROVISIONING_PROFILE_SPECIFIER = "";
				SWIFT_COMPILATION_MODE = singlefile;
				SWIFT_OBJC_BRIDGING_HEADER = "Gifski/Gifski-Bridging-Header.h";
				SWIFT_OPTIMIZATION_LEVEL = "-Onone";
				SWIFT_VERSION = 5.0;
				USER_HEADER_SEARCH_PATHS = "";
			};
			name = Debug;
		};
		E3AE62921E5CD2F300035A2F /* Release */ = {
			isa = XCBuildConfiguration;
			buildSettings = {
				ASSETCATALOG_COMPILER_APPICON_NAME = AppIcon;
				CLANG_ENABLE_MODULES = YES;
				CODE_SIGN_ENTITLEMENTS = Gifski/Gifski.entitlements;
				CODE_SIGN_IDENTITY = "Apple Development";
				CODE_SIGN_STYLE = Automatic;
				COMBINE_HIDPI_IMAGES = YES;
				DEVELOPMENT_TEAM = YG56YK5RN5;
				ENABLE_HARDENED_RUNTIME = YES;
				FRAMEWORK_SEARCH_PATHS = (
					"$(inherited)",
					"$(PROJECT_DIR)",
					"$(PROJECT_DIR)/Frameworks",
				);
				HEADER_SEARCH_PATHS = "";
				INFOPLIST_FILE = "$(SRCROOT)/Gifski/Info.plist";
				LD_RUNPATH_SEARCH_PATHS = (
					"$(inherited)",
					"@executable_path/../Frameworks",
				);
				LIBRARY_SEARCH_PATHS = (
					"$(inherited)",
					/usr/local/opt/gcc/lib/gcc/10,
					"$(PROJECT_DIR)/gifski-api/target/release-universal",
				);
				PRODUCT_BUNDLE_IDENTIFIER = com.sindresorhus.Gifski;
				PRODUCT_NAME = "$(TARGET_NAME)";
				PROVISIONING_PROFILE_SPECIFIER = "";
				SWIFT_OBJC_BRIDGING_HEADER = "Gifski/Gifski-Bridging-Header.h";
				SWIFT_VERSION = 5.0;
				USER_HEADER_SEARCH_PATHS = "";
			};
			name = Release;
		};
/* End XCBuildConfiguration section */

/* Begin XCConfigurationList section */
		0E7925302329BDBE00058B94 /* Build configuration list for PBXNativeTarget "ShareExtension" */ = {
			isa = XCConfigurationList;
			buildConfigurations = (
				0E79252A2329BDBE00058B94 /* Debug */,
				0E79252B2329BDBE00058B94 /* Release */,
			);
			defaultConfigurationIsVisible = 0;
			defaultConfigurationName = Release;
		};
		E3AE627E1E5CD2F300035A2F /* Build configuration list for PBXProject "Gifski" */ = {
			isa = XCConfigurationList;
			buildConfigurations = (
				E3AE628E1E5CD2F300035A2F /* Debug */,
				E3AE628F1E5CD2F300035A2F /* Release */,
			);
			defaultConfigurationIsVisible = 0;
			defaultConfigurationName = Release;
		};
		E3AE62901E5CD2F300035A2F /* Build configuration list for PBXNativeTarget "Gifski" */ = {
			isa = XCConfigurationList;
			buildConfigurations = (
				E3AE62911E5CD2F300035A2F /* Debug */,
				E3AE62921E5CD2F300035A2F /* Release */,
			);
			defaultConfigurationIsVisible = 0;
			defaultConfigurationName = Release;
		};
/* End XCConfigurationList section */

/* Begin XCRemoteSwiftPackageReference section */
		E3339E912395766800303839 /* XCRemoteSwiftPackageReference "Defaults" */ = {
			isa = XCRemoteSwiftPackageReference;
			repositoryURL = "https://github.com/sindresorhus/Defaults";
			requirement = {
				kind = upToNextMajorVersion;
				minimumVersion = 5.0.0;
			};
		};
		E3339E982395768F00303839 /* XCRemoteSwiftPackageReference "CircularProgress" */ = {
			isa = XCRemoteSwiftPackageReference;
			repositoryURL = "https://github.com/sindresorhus/CircularProgress";
			requirement = {
				kind = upToNextMajorVersion;
				minimumVersion = 2.0.1;
			};
		};
		E3339E9B2395789500303839 /* XCRemoteSwiftPackageReference "DockProgress" */ = {
			isa = XCRemoteSwiftPackageReference;
			repositoryURL = "https://github.com/sindresorhus/DockProgress";
			requirement = {
				kind = upToNextMajorVersion;
				minimumVersion = 3.2.0;
			};
		};
		E3C874A8252CFE5B00AB1099 /* XCRemoteSwiftPackageReference "firebase-ios-sdk" */ = {
			isa = XCRemoteSwiftPackageReference;
			repositoryURL = "https://github.com/firebase/firebase-ios-sdk";
			requirement = {
				kind = upToNextMajorVersion;
				minimumVersion = 8.1.0;
			};
		};
/* End XCRemoteSwiftPackageReference section */

/* Begin XCSwiftPackageProductDependency section */
		E3339E922395766800303839 /* Defaults */ = {
			isa = XCSwiftPackageProductDependency;
			package = E3339E912395766800303839 /* XCRemoteSwiftPackageReference "Defaults" */;
			productName = Defaults;
		};
		E3339E992395768F00303839 /* CircularProgress */ = {
			isa = XCSwiftPackageProductDependency;
			package = E3339E982395768F00303839 /* XCRemoteSwiftPackageReference "CircularProgress" */;
			productName = CircularProgress;
		};
		E3339E9C2395789500303839 /* DockProgress */ = {
			isa = XCSwiftPackageProductDependency;
			package = E3339E9B2395789500303839 /* XCRemoteSwiftPackageReference "DockProgress" */;
			productName = DockProgress;
		};
		E3C874A9252CFE5B00AB1099 /* FirebaseCrashlytics */ = {
			isa = XCSwiftPackageProductDependency;
			package = E3C874A8252CFE5B00AB1099 /* XCRemoteSwiftPackageReference "firebase-ios-sdk" */;
			productName = FirebaseCrashlytics;
		};
/* End XCSwiftPackageProductDependency section */
	};
	rootObject = E3AE627B1E5CD2F300035A2F /* Project object */;
}
