// !$*UTF8*$!
{
	archiveVersion = 1;
	classes = {
	};
	objectVersion = 48;
	objects = {

/* Begin PBXBuildFile section */
		5A1FDC6F203F0B050065E0F5 /* libgifski.a in Frameworks */ = {isa = PBXBuildFile; fileRef = E3FD619F201BD29E0087160A /* libgifski.a */; };
		C2040B8920435871004EE259 /* GifskiWrapper.swift in Sources */ = {isa = PBXBuildFile; fileRef = C2040B8820435871004EE259 /* GifskiWrapper.swift */; };
		C2AFA91D204FFEFD00FC5A7F /* MainWindowController.swift in Sources */ = {isa = PBXBuildFile; fileRef = C2AFA91B204FFEFD00FC5A7F /* MainWindowController.swift */; };
		C2AFA91E204FFEFD00FC5A7F /* MainWindowController.xib in Resources */ = {isa = PBXBuildFile; fileRef = C2AFA91C204FFEFD00FC5A7F /* MainWindowController.xib */; };
		E339F011203820ED003B78FB /* Gifski.swift in Sources */ = {isa = PBXBuildFile; fileRef = E339F010203820ED003B78FB /* Gifski.swift */; };
		E34798D01F882FB3003F9142 /* ProgressKit.framework in Frameworks */ = {isa = PBXBuildFile; fileRef = E34798CF1F882FB3003F9142 /* ProgressKit.framework */; };
		E34798D11F882FB3003F9142 /* ProgressKit.framework in Embed Frameworks */ = {isa = PBXBuildFile; fileRef = E34798CF1F882FB3003F9142 /* ProgressKit.framework */; settings = {ATTRIBUTES = (CodeSignOnCopy, RemoveHeadersOnCopy, ); }; };
		E34798D51F882FEE003F9142 /* ProgressKit.framework.dSYM in Carthage */ = {isa = PBXBuildFile; fileRef = E34798D41F882FEE003F9142 /* ProgressKit.framework.dSYM */; };
		E392EC5B2048982C00AB7097 /* DockProgress.framework in Embed Frameworks */ = {isa = PBXBuildFile; fileRef = E392EC562048982C00AB7097 /* DockProgress.framework */; settings = {ATTRIBUTES = (CodeSignOnCopy, RemoveHeadersOnCopy, ); }; };
		E392EC5D2048983F00AB7097 /* DockProgress.framework.dSYM in Carthage */ = {isa = PBXBuildFile; fileRef = E392EC5C2048983F00AB7097 /* DockProgress.framework.dSYM */; };
		E3AE62871E5CD2F300035A2F /* AppDelegate.swift in Sources */ = {isa = PBXBuildFile; fileRef = E3AE62861E5CD2F300035A2F /* AppDelegate.swift */; };
		E3AE62891E5CD2F300035A2F /* Assets.xcassets in Resources */ = {isa = PBXBuildFile; fileRef = E3AE62881E5CD2F300035A2F /* Assets.xcassets */; };
		E3AE628C1E5CD2F300035A2F /* MainMenu.xib in Resources */ = {isa = PBXBuildFile; fileRef = E3AE628A1E5CD2F300035A2F /* MainMenu.xib */; };
		E3C3DB4F203F154300CB8BB9 /* Credits.rtf in Resources */ = {isa = PBXBuildFile; fileRef = E3C3DB4E203F154300CB8BB9 /* Credits.rtf */; };
		E3CB1DD71F7E4CBC00D79BFC /* VideoDropView.swift in Sources */ = {isa = PBXBuildFile; fileRef = E3CB1DD61F7E4CBC00D79BFC /* VideoDropView.swift */; };
		E3D08F6E1E5D7BFD00F465DF /* util.swift in Sources */ = {isa = PBXBuildFile; fileRef = E3D08F6D1E5D7BFD00F465DF /* util.swift */; };
		E3DF3E88203BD2B900055855 /* SavePanelAccessoryViewController.swift in Sources */ = {isa = PBXBuildFile; fileRef = E3DF3E86203BD2B900055855 /* SavePanelAccessoryViewController.swift */; };
		E3DF3E89203BD2B900055855 /* SavePanelAccessoryViewController.xib in Resources */ = {isa = PBXBuildFile; fileRef = E3DF3E87203BD2B900055855 /* SavePanelAccessoryViewController.xib */; };
		E3FDC26D203F32DA00C00409 /* libresolv.tbd in Frameworks */ = {isa = PBXBuildFile; fileRef = E3FD61A6201BD3640087160A /* libresolv.tbd */; };
/* End PBXBuildFile section */

/* Begin PBXContainerItemProxy section */
		E3FD619E201BD29E0087160A /* PBXContainerItemProxy */ = {
			isa = PBXContainerItemProxy;
			containerPortal = E3FD6197201BD29E0087160A /* gifski.xcodeproj */;
			proxyType = 2;
			remoteGlobalIDString = CA60E15ACA76538A1122A904;
			remoteInfo = gifski;
		};
		E3FD61A0201BD29E0087160A /* PBXContainerItemProxy */ = {
			isa = PBXContainerItemProxy;
			containerPortal = E3FD6197201BD29E0087160A /* gifski.xcodeproj */;
			proxyType = 2;
			remoteGlobalIDString = CA60F2BAC541F7CC3EDC5919;
			remoteInfo = libgifski;
		};
		E3FD61A2201BD29E0087160A /* PBXContainerItemProxy */ = {
			isa = PBXContainerItemProxy;
			containerPortal = E3FD6197201BD29E0087160A /* gifski.xcodeproj */;
			proxyType = 2;
			remoteGlobalIDString = CA608A209BAEAE13C0448516;
			remoteInfo = gifski;
		};
/* End PBXContainerItemProxy section */

/* Begin PBXCopyFilesBuildPhase section */
		E34798D21F882FB3003F9142 /* Embed Frameworks */ = {
			isa = PBXCopyFilesBuildPhase;
			buildActionMask = 2147483647;
			dstPath = "";
			dstSubfolderSpec = 10;
			files = (
				E392EC5B2048982C00AB7097 /* DockProgress.framework in Embed Frameworks */,
				E34798D11F882FB3003F9142 /* ProgressKit.framework in Embed Frameworks */,
			);
			name = "Embed Frameworks";
			runOnlyForDeploymentPostprocessing = 0;
		};
		E34798D31F882FD1003F9142 /* Carthage */ = {
			isa = PBXCopyFilesBuildPhase;
			buildActionMask = 2147483647;
			dstPath = "";
			dstSubfolderSpec = 16;
			files = (
				E392EC5D2048983F00AB7097 /* DockProgress.framework.dSYM in Carthage */,
				E34798D51F882FEE003F9142 /* ProgressKit.framework.dSYM in Carthage */,
			);
			name = Carthage;
			runOnlyForDeploymentPostprocessing = 0;
		};
/* End PBXCopyFilesBuildPhase section */

/* Begin PBXFileReference section */
		C2040B8820435871004EE259 /* GifskiWrapper.swift */ = {isa = PBXFileReference; fileEncoding = 4; lastKnownFileType = sourcecode.swift; lineEnding = 0; path = GifskiWrapper.swift; sourceTree = "<group>"; usesTabs = 1; };
		C2AFA91B204FFEFD00FC5A7F /* MainWindowController.swift */ = {isa = PBXFileReference; lastKnownFileType = sourcecode.swift; path = MainWindowController.swift; sourceTree = "<group>"; };
		C2AFA91C204FFEFD00FC5A7F /* MainWindowController.xib */ = {isa = PBXFileReference; lastKnownFileType = file.xib; path = MainWindowController.xib; sourceTree = "<group>"; };
		E339F010203820ED003B78FB /* Gifski.swift */ = {isa = PBXFileReference; fileEncoding = 4; lastKnownFileType = sourcecode.swift; lineEnding = 0; path = Gifski.swift; sourceTree = "<group>"; usesTabs = 1; };
		E34798CF1F882FB3003F9142 /* ProgressKit.framework */ = {isa = PBXFileReference; lastKnownFileType = wrapper.framework; name = ProgressKit.framework; path = Carthage/Build/Mac/ProgressKit.framework; sourceTree = "<group>"; };
		E34798D41F882FEE003F9142 /* ProgressKit.framework.dSYM */ = {isa = PBXFileReference; lastKnownFileType = wrapper.dsym; name = ProgressKit.framework.dSYM; path = Carthage/Build/Mac/ProgressKit.framework.dSYM; sourceTree = "<group>"; };
		E392EC562048982C00AB7097 /* DockProgress.framework */ = {isa = PBXFileReference; lastKnownFileType = wrapper.framework; name = DockProgress.framework; path = Carthage/Build/Mac/DockProgress.framework; sourceTree = "<group>"; };
		E392EC5C2048983F00AB7097 /* DockProgress.framework.dSYM */ = {isa = PBXFileReference; lastKnownFileType = wrapper.dsym; name = DockProgress.framework.dSYM; path = Carthage/Build/Mac/DockProgress.framework.dSYM; sourceTree = "<group>"; };
		E3AE62831E5CD2F300035A2F /* Gifski.app */ = {isa = PBXFileReference; explicitFileType = wrapper.application; includeInIndex = 0; path = Gifski.app; sourceTree = BUILT_PRODUCTS_DIR; };
		E3AE62861E5CD2F300035A2F /* AppDelegate.swift */ = {isa = PBXFileReference; fileEncoding = 4; lastKnownFileType = sourcecode.swift; lineEnding = 0; path = AppDelegate.swift; sourceTree = "<group>"; usesTabs = 1; };
		E3AE62881E5CD2F300035A2F /* Assets.xcassets */ = {isa = PBXFileReference; lastKnownFileType = folder.assetcatalog; path = Assets.xcassets; sourceTree = "<group>"; };
		E3AE628B1E5CD2F300035A2F /* Base */ = {isa = PBXFileReference; lastKnownFileType = file.xib; name = Base; path = Base.lproj/MainMenu.xib; sourceTree = "<group>"; };
		E3AE628D1E5CD2F300035A2F /* Info.plist */ = {isa = PBXFileReference; lastKnownFileType = text.plist.xml; path = Info.plist; sourceTree = "<group>"; };
		E3BF14CC1E5CD5A30049FD4B /* Gifski.entitlements */ = {isa = PBXFileReference; lastKnownFileType = text.plist.entitlements; path = Gifski.entitlements; sourceTree = "<group>"; };
		E3C3DB4E203F154300CB8BB9 /* Credits.rtf */ = {isa = PBXFileReference; lastKnownFileType = text.rtf; path = Credits.rtf; sourceTree = "<group>"; };
		E3CB1DD61F7E4CBC00D79BFC /* VideoDropView.swift */ = {isa = PBXFileReference; fileEncoding = 4; lastKnownFileType = sourcecode.swift; lineEnding = 0; path = VideoDropView.swift; sourceTree = "<group>"; usesTabs = 1; };
		E3D08F6D1E5D7BFD00F465DF /* util.swift */ = {isa = PBXFileReference; fileEncoding = 4; lastKnownFileType = sourcecode.swift; lineEnding = 0; path = util.swift; sourceTree = "<group>"; usesTabs = 1; };
		E3DF3E86203BD2B900055855 /* SavePanelAccessoryViewController.swift */ = {isa = PBXFileReference; fileEncoding = 4; lastKnownFileType = sourcecode.swift; lineEnding = 0; path = SavePanelAccessoryViewController.swift; sourceTree = "<group>"; usesTabs = 1; };
		E3DF3E87203BD2B900055855 /* SavePanelAccessoryViewController.xib */ = {isa = PBXFileReference; lastKnownFileType = file.xib; path = SavePanelAccessoryViewController.xib; sourceTree = "<group>"; };
		E3FD6190201BCBC30087160A /* Gifski-Bridging-Header.h */ = {isa = PBXFileReference; lastKnownFileType = sourcecode.c.h; path = "Gifski-Bridging-Header.h"; sourceTree = "<group>"; };
		E3FD6197201BD29E0087160A /* gifski.xcodeproj */ = {isa = PBXFileReference; lastKnownFileType = "wrapper.pb-project"; name = gifski.xcodeproj; path = "gifski-api/gifski.xcodeproj"; sourceTree = "<group>"; };
		E3FD61A4201BD2DA0087160A /* gifski.h */ = {isa = PBXFileReference; lastKnownFileType = sourcecode.c.h; name = gifski.h; path = "gifski-api/gifski.h"; sourceTree = "<group>"; };
		E3FD61A6201BD3640087160A /* libresolv.tbd */ = {isa = PBXFileReference; lastKnownFileType = "sourcecode.text-based-dylib-definition"; name = libresolv.tbd; path = usr/lib/libresolv.tbd; sourceTree = SDKROOT; };
/* End PBXFileReference section */

/* Begin PBXFrameworksBuildPhase section */
		E3AE62801E5CD2F300035A2F /* Frameworks */ = {
			isa = PBXFrameworksBuildPhase;
			buildActionMask = 2147483647;
			files = (
				E3FDC26D203F32DA00C00409 /* libresolv.tbd in Frameworks */,
				5A1FDC6F203F0B050065E0F5 /* libgifski.a in Frameworks */,
				E34798D01F882FB3003F9142 /* ProgressKit.framework in Frameworks */,
			);
			runOnlyForDeploymentPostprocessing = 0;
		};
/* End PBXFrameworksBuildPhase section */

/* Begin PBXGroup section */
		E317EE121F88305800359C57 /* Frameworks */ = {
			isa = PBXGroup;
			children = (
				E3FD61A6201BD3640087160A /* libresolv.tbd */,
				E3FD61A4201BD2DA0087160A /* gifski.h */,
				E34798CF1F882FB3003F9142 /* ProgressKit.framework */,
				E34798D41F882FEE003F9142 /* ProgressKit.framework.dSYM */,
				E392EC562048982C00AB7097 /* DockProgress.framework */,
				E392EC5C2048983F00AB7097 /* DockProgress.framework.dSYM */,
			);
			name = Frameworks;
			sourceTree = "<group>";
		};
		E3AE627A1E5CD2F300035A2F = {
			isa = PBXGroup;
			children = (
				E3AE62851E5CD2F300035A2F /* Gifski */,
				E3AE62841E5CD2F300035A2F /* Products */,
				E3FD6197201BD29E0087160A /* gifski.xcodeproj */,
				E317EE121F88305800359C57 /* Frameworks */,
			);
			sourceTree = "<group>";
			usesTabs = 1;
		};
		E3AE62841E5CD2F300035A2F /* Products */ = {
			isa = PBXGroup;
			children = (
				E3AE62831E5CD2F300035A2F /* Gifski.app */,
			);
			name = Products;
			sourceTree = "<group>";
		};
		E3AE62851E5CD2F300035A2F /* Gifski */ = {
			isa = PBXGroup;
			children = (
				E3AE62861E5CD2F300035A2F /* AppDelegate.swift */,
				E3CB1DD61F7E4CBC00D79BFC /* VideoDropView.swift */,
				E3DF3E86203BD2B900055855 /* SavePanelAccessoryViewController.swift */,
				E3DF3E87203BD2B900055855 /* SavePanelAccessoryViewController.xib */,
				E339F010203820ED003B78FB /* Gifski.swift */,
				C2040B8820435871004EE259 /* GifskiWrapper.swift */,
				E3D08F6D1E5D7BFD00F465DF /* util.swift */,
				E3AE62881E5CD2F300035A2F /* Assets.xcassets */,
				E3AE628A1E5CD2F300035A2F /* MainMenu.xib */,
				E3AE628D1E5CD2F300035A2F /* Info.plist */,
				E3BF14CC1E5CD5A30049FD4B /* Gifski.entitlements */,
				E3FD6190201BCBC30087160A /* Gifski-Bridging-Header.h */,
				E3C3DB4E203F154300CB8BB9 /* Credits.rtf */,
				C2AFA91B204FFEFD00FC5A7F /* MainWindowController.swift */,
				C2AFA91C204FFEFD00FC5A7F /* MainWindowController.xib */,
			);
			path = Gifski;
			sourceTree = "<group>";
		};
		E3FD6198201BD29E0087160A /* Products */ = {
			isa = PBXGroup;
			children = (
				E3FD619F201BD29E0087160A /* libgifski.a */,
				E3FD61A1201BD29E0087160A /* libgifski.dylib */,
				E3FD61A3201BD29E0087160A /* gifski */,
			);
			name = Products;
			sourceTree = "<group>";
		};
/* End PBXGroup section */

/* Begin PBXNativeTarget section */
		E3AE62821E5CD2F300035A2F /* Gifski */ = {
			isa = PBXNativeTarget;
			buildConfigurationList = E3AE62901E5CD2F300035A2F /* Build configuration list for PBXNativeTarget "Gifski" */;
			buildPhases = (
				E36D89991EFF79F7005042A8 /* SwiftLint */,
				E3AE627F1E5CD2F300035A2F /* Sources */,
				E3AE62801E5CD2F300035A2F /* Frameworks */,
				E3AE62811E5CD2F300035A2F /* Resources */,
				E34798D21F882FB3003F9142 /* Embed Frameworks */,
				E34798D31F882FD1003F9142 /* Carthage */,
			);
			buildRules = (
			);
			dependencies = (
			);
			name = Gifski;
			productName = "HEIC Converter";
			productReference = E3AE62831E5CD2F300035A2F /* Gifski.app */;
			productType = "com.apple.product-type.application";
		};
/* End PBXNativeTarget section */

/* Begin PBXProject section */
		E3AE627B1E5CD2F300035A2F /* Project object */ = {
			isa = PBXProject;
			attributes = {
				LastSwiftUpdateCheck = 0820;
				LastUpgradeCheck = 0910;
				ORGANIZATIONNAME = "Sindre Sorhus";
				TargetAttributes = {
					E3AE62821E5CD2F300035A2F = {
						CreatedOnToolsVersion = 8.2.1;
						DevelopmentTeam = YG56YK5RN5;
						LastSwiftMigration = 0920;
						ProvisioningStyle = Automatic;
						SystemCapabilities = {
							com.apple.Sandbox = {
								enabled = 1;
							};
						};
					};
				};
			};
			buildConfigurationList = E3AE627E1E5CD2F300035A2F /* Build configuration list for PBXProject "Gifski" */;
			compatibilityVersion = "Xcode 8.0";
			developmentRegion = English;
			hasScannedForEncodings = 0;
			knownRegions = (
				en,
				Base,
			);
			mainGroup = E3AE627A1E5CD2F300035A2F;
			productRefGroup = E3AE62841E5CD2F300035A2F /* Products */;
			projectDirPath = "";
			projectReferences = (
				{
					ProductGroup = E3FD6198201BD29E0087160A /* Products */;
					ProjectRef = E3FD6197201BD29E0087160A /* gifski.xcodeproj */;
				},
			);
			projectRoot = "";
			targets = (
				E3AE62821E5CD2F300035A2F /* Gifski */,
			);
		};
/* End PBXProject section */

/* Begin PBXReferenceProxy section */
		E3FD619F201BD29E0087160A /* libgifski.a */ = {
			isa = PBXReferenceProxy;
			fileType = archive.ar;
			path = libgifski.a;
			remoteRef = E3FD619E201BD29E0087160A /* PBXContainerItemProxy */;
			sourceTree = BUILT_PRODUCTS_DIR;
		};
		E3FD61A1201BD29E0087160A /* libgifski.dylib */ = {
			isa = PBXReferenceProxy;
			fileType = "compiled.mach-o.dylib";
			path = libgifski.dylib;
			remoteRef = E3FD61A0201BD29E0087160A /* PBXContainerItemProxy */;
			sourceTree = BUILT_PRODUCTS_DIR;
		};
		E3FD61A3201BD29E0087160A /* gifski */ = {
			isa = PBXReferenceProxy;
			fileType = "compiled.mach-o.executable";
			path = gifski;
			remoteRef = E3FD61A2201BD29E0087160A /* PBXContainerItemProxy */;
			sourceTree = BUILT_PRODUCTS_DIR;
		};
/* End PBXReferenceProxy section */

/* Begin PBXResourcesBuildPhase section */
		E3AE62811E5CD2F300035A2F /* Resources */ = {
			isa = PBXResourcesBuildPhase;
			buildActionMask = 2147483647;
			files = (
				E3AE62891E5CD2F300035A2F /* Assets.xcassets in Resources */,
				E3AE628C1E5CD2F300035A2F /* MainMenu.xib in Resources */,
				E3DF3E89203BD2B900055855 /* SavePanelAccessoryViewController.xib in Resources */,
				E3C3DB4F203F154300CB8BB9 /* Credits.rtf in Resources */,
				C2AFA91E204FFEFD00FC5A7F /* MainWindowController.xib in Resources */,
			);
			runOnlyForDeploymentPostprocessing = 0;
		};
/* End PBXResourcesBuildPhase section */

/* Begin PBXShellScriptBuildPhase section */
		E36D89991EFF79F7005042A8 /* SwiftLint */ = {
			isa = PBXShellScriptBuildPhase;
			buildActionMask = 2147483647;
			files = (
			);
			inputPaths = (
			);
			name = SwiftLint;
			outputPaths = (
			);
			runOnlyForDeploymentPostprocessing = 0;
			shellPath = /bin/sh;
			shellScript = "if which swiftlint >/dev/null; then\n    swiftlint\nelse\n    echo \"warning: SwiftLint not installed\"\nfi";
		};
/* End PBXShellScriptBuildPhase section */

/* Begin PBXSourcesBuildPhase section */
		E3AE627F1E5CD2F300035A2F /* Sources */ = {
			isa = PBXSourcesBuildPhase;
			buildActionMask = 2147483647;
			files = (
				E339F011203820ED003B78FB /* Gifski.swift in Sources */,
				C2AFA91D204FFEFD00FC5A7F /* MainWindowController.swift in Sources */,
				E3CB1DD71F7E4CBC00D79BFC /* VideoDropView.swift in Sources */,
				C2040B8920435871004EE259 /* GifskiWrapper.swift in Sources */,
				E3AE62871E5CD2F300035A2F /* AppDelegate.swift in Sources */,
				E3D08F6E1E5D7BFD00F465DF /* util.swift in Sources */,
				E3DF3E88203BD2B900055855 /* SavePanelAccessoryViewController.swift in Sources */,
			);
			runOnlyForDeploymentPostprocessing = 0;
		};
/* End PBXSourcesBuildPhase section */

/* Begin PBXVariantGroup section */
		E3AE628A1E5CD2F300035A2F /* MainMenu.xib */ = {
			isa = PBXVariantGroup;
			children = (
				E3AE628B1E5CD2F300035A2F /* Base */,
			);
			name = MainMenu.xib;
			sourceTree = "<group>";
		};
/* End PBXVariantGroup section */

/* Begin XCBuildConfiguration section */
		E3AE628E1E5CD2F300035A2F /* Debug */ = {
			isa = XCBuildConfiguration;
			buildSettings = {
				ALWAYS_SEARCH_USER_PATHS = NO;
				CLANG_ANALYZER_NONNULL = YES;
				CLANG_CXX_LANGUAGE_STANDARD = "gnu++0x";
				CLANG_CXX_LIBRARY = "libc++";
				CLANG_ENABLE_MODULES = YES;
				CLANG_ENABLE_OBJC_ARC = YES;
				CLANG_WARN_BLOCK_CAPTURE_AUTORELEASING = YES;
				CLANG_WARN_BOOL_CONVERSION = YES;
				CLANG_WARN_COMMA = YES;
				CLANG_WARN_CONSTANT_CONVERSION = YES;
				CLANG_WARN_DIRECT_OBJC_ISA_USAGE = YES_ERROR;
				CLANG_WARN_DOCUMENTATION_COMMENTS = YES;
				CLANG_WARN_EMPTY_BODY = YES;
				CLANG_WARN_ENUM_CONVERSION = YES;
				CLANG_WARN_INFINITE_RECURSION = YES;
				CLANG_WARN_INT_CONVERSION = YES;
				CLANG_WARN_NON_LITERAL_NULL_CONVERSION = YES;
				CLANG_WARN_OBJC_LITERAL_CONVERSION = YES;
				CLANG_WARN_OBJC_ROOT_CLASS = YES_ERROR;
				CLANG_WARN_RANGE_LOOP_ANALYSIS = YES;
				CLANG_WARN_STRICT_PROTOTYPES = YES;
				CLANG_WARN_SUSPICIOUS_MOVE = YES;
				CLANG_WARN_UNREACHABLE_CODE = YES;
				CLANG_WARN__DUPLICATE_METHOD_MATCH = YES;
				CODE_SIGN_IDENTITY = "-";
				COPY_PHASE_STRIP = NO;
				DEBUG_INFORMATION_FORMAT = dwarf;
				ENABLE_STRICT_OBJC_MSGSEND = YES;
				ENABLE_TESTABILITY = YES;
				GCC_C_LANGUAGE_STANDARD = gnu99;
				GCC_DYNAMIC_NO_PIC = NO;
				GCC_NO_COMMON_BLOCKS = YES;
				GCC_OPTIMIZATION_LEVEL = 0;
				GCC_PREPROCESSOR_DEFINITIONS = (
					"DEBUG=1",
					"$(inherited)",
				);
				GCC_WARN_64_TO_32_BIT_CONVERSION = YES;
				GCC_WARN_ABOUT_RETURN_TYPE = YES_ERROR;
				GCC_WARN_UNDECLARED_SELECTOR = YES;
				GCC_WARN_UNINITIALIZED_AUTOS = YES_AGGRESSIVE;
				GCC_WARN_UNUSED_FUNCTION = YES;
				GCC_WARN_UNUSED_VARIABLE = YES;
				MACOSX_DEPLOYMENT_TARGET = 10.13;
				MTL_ENABLE_DEBUG_INFO = YES;
				ONLY_ACTIVE_ARCH = YES;
				SDKROOT = macosx;
				SWIFT_ACTIVE_COMPILATION_CONDITIONS = DEBUG;
				SWIFT_OPTIMIZATION_LEVEL = "-Onone";
				VALID_ARCHS = x86_64;
			};
			name = Debug;
		};
		E3AE628F1E5CD2F300035A2F /* Release */ = {
			isa = XCBuildConfiguration;
			buildSettings = {
				ALWAYS_SEARCH_USER_PATHS = NO;
				CLANG_ANALYZER_NONNULL = YES;
				CLANG_CXX_LANGUAGE_STANDARD = "gnu++0x";
				CLANG_CXX_LIBRARY = "libc++";
				CLANG_ENABLE_MODULES = YES;
				CLANG_ENABLE_OBJC_ARC = YES;
				CLANG_WARN_BLOCK_CAPTURE_AUTORELEASING = YES;
				CLANG_WARN_BOOL_CONVERSION = YES;
				CLANG_WARN_COMMA = YES;
				CLANG_WARN_CONSTANT_CONVERSION = YES;
				CLANG_WARN_DIRECT_OBJC_ISA_USAGE = YES_ERROR;
				CLANG_WARN_DOCUMENTATION_COMMENTS = YES;
				CLANG_WARN_EMPTY_BODY = YES;
				CLANG_WARN_ENUM_CONVERSION = YES;
				CLANG_WARN_INFINITE_RECURSION = YES;
				CLANG_WARN_INT_CONVERSION = YES;
				CLANG_WARN_NON_LITERAL_NULL_CONVERSION = YES;
				CLANG_WARN_OBJC_LITERAL_CONVERSION = YES;
				CLANG_WARN_OBJC_ROOT_CLASS = YES_ERROR;
				CLANG_WARN_RANGE_LOOP_ANALYSIS = YES;
				CLANG_WARN_STRICT_PROTOTYPES = YES;
				CLANG_WARN_SUSPICIOUS_MOVE = YES;
				CLANG_WARN_UNREACHABLE_CODE = YES;
				CLANG_WARN__DUPLICATE_METHOD_MATCH = YES;
				CODE_SIGN_IDENTITY = "-";
				COPY_PHASE_STRIP = NO;
				DEBUG_INFORMATION_FORMAT = "dwarf-with-dsym";
				ENABLE_NS_ASSERTIONS = NO;
				ENABLE_STRICT_OBJC_MSGSEND = YES;
				GCC_C_LANGUAGE_STANDARD = gnu99;
				GCC_NO_COMMON_BLOCKS = YES;
				GCC_WARN_64_TO_32_BIT_CONVERSION = YES;
				GCC_WARN_ABOUT_RETURN_TYPE = YES_ERROR;
				GCC_WARN_UNDECLARED_SELECTOR = YES;
				GCC_WARN_UNINITIALIZED_AUTOS = YES_AGGRESSIVE;
				GCC_WARN_UNUSED_FUNCTION = YES;
				GCC_WARN_UNUSED_VARIABLE = YES;
				MACOSX_DEPLOYMENT_TARGET = 10.13;
				MTL_ENABLE_DEBUG_INFO = NO;
				SDKROOT = macosx;
				SWIFT_OPTIMIZATION_LEVEL = "-Owholemodule";
				VALID_ARCHS = x86_64;
			};
			name = Release;
		};
		E3AE62911E5CD2F300035A2F /* Debug */ = {
			isa = XCBuildConfiguration;
			buildSettings = {
				ASSETCATALOG_COMPILER_APPICON_NAME = AppIcon;
				CLANG_ENABLE_MODULES = YES;
				CODE_SIGN_ENTITLEMENTS = Gifski/Gifski.entitlements;
				CODE_SIGN_IDENTITY = "Mac Developer";
				COMBINE_HIDPI_IMAGES = YES;
				DEVELOPMENT_TEAM = YG56YK5RN5;
				FRAMEWORK_SEARCH_PATHS = (
					"$(inherited)",
					"$(PROJECT_DIR)/Carthage/Build/Mac",
				);
				HEADER_SEARCH_PATHS = "";
				INFOPLIST_FILE = "$(SRCROOT)/Gifski/Info.plist";
				LD_RUNPATH_SEARCH_PATHS = "$(inherited) @executable_path/../Frameworks";
				LIBRARY_SEARCH_PATHS = (
					"$(inherited)",
					/usr/local/opt/gcc/lib/gcc/7,
				);
				PRODUCT_BUNDLE_IDENTIFIER = com.sindresorhus.Gifski;
				PRODUCT_NAME = "$(TARGET_NAME)";
				SWIFT_OBJC_BRIDGING_HEADER = "Gifski/Gifski-Bridging-Header.h";
				SWIFT_OPTIMIZATION_LEVEL = "-Onone";
				SWIFT_SWIFT3_OBJC_INFERENCE = Default;
				SWIFT_VERSION = 4.0;
				USER_HEADER_SEARCH_PATHS = "";
			};
			name = Debug;
		};
		E3AE62921E5CD2F300035A2F /* Release */ = {
			isa = XCBuildConfiguration;
			buildSettings = {
				ASSETCATALOG_COMPILER_APPICON_NAME = AppIcon;
				CLANG_ENABLE_MODULES = YES;
				CODE_SIGN_ENTITLEMENTS = Gifski/Gifski.entitlements;
				CODE_SIGN_IDENTITY = "Mac Developer";
				COMBINE_HIDPI_IMAGES = YES;
				DEVELOPMENT_TEAM = YG56YK5RN5;
				FRAMEWORK_SEARCH_PATHS = (
					"$(inherited)",
					"$(PROJECT_DIR)/Carthage/Build/Mac",
				);
				HEADER_SEARCH_PATHS = "";
				INFOPLIST_FILE = "$(SRCROOT)/Gifski/Info.plist";
				LD_RUNPATH_SEARCH_PATHS = "$(inherited) @executable_path/../Frameworks";
				LIBRARY_SEARCH_PATHS = (
					"$(inherited)",
					/usr/local/opt/gcc/lib/gcc/7,
				);
				PRODUCT_BUNDLE_IDENTIFIER = com.sindresorhus.Gifski;
				PRODUCT_NAME = "$(TARGET_NAME)";
				SWIFT_OBJC_BRIDGING_HEADER = "Gifski/Gifski-Bridging-Header.h";
				SWIFT_SWIFT3_OBJC_INFERENCE = Default;
				SWIFT_VERSION = 4.0;
				USER_HEADER_SEARCH_PATHS = "";
			};
			name = Release;
		};
/* End XCBuildConfiguration section */

/* Begin XCConfigurationList section */
		E3AE627E1E5CD2F300035A2F /* Build configuration list for PBXProject "Gifski" */ = {
			isa = XCConfigurationList;
			buildConfigurations = (
				E3AE628E1E5CD2F300035A2F /* Debug */,
				E3AE628F1E5CD2F300035A2F /* Release */,
			);
			defaultConfigurationIsVisible = 0;
			defaultConfigurationName = Release;
		};
		E3AE62901E5CD2F300035A2F /* Build configuration list for PBXNativeTarget "Gifski" */ = {
			isa = XCConfigurationList;
			buildConfigurations = (
				E3AE62911E5CD2F300035A2F /* Debug */,
				E3AE62921E5CD2F300035A2F /* Release */,
			);
			defaultConfigurationIsVisible = 0;
			defaultConfigurationName = Release;
		};
/* End XCConfigurationList section */
	};
	rootObject = E3AE627B1E5CD2F300035A2F /* Project object */;
}
